// !$*UTF8*$!
{
	archiveVersion = 1;
	classes = {
	};
	objectVersion = 50;
	objects = {

/* Begin PBXBuildFile section */
		62ED01B421C2185900056141 /* SettingDataStorage.swift in Sources */ = {isa = PBXBuildFile; fileRef = 62ED01B321C2185900056141 /* SettingDataStorage.swift */; };
		FD0EA841219B14660084A837 /* ProfileViewController.swift in Sources */ = {isa = PBXBuildFile; fileRef = FD0EA840219B14660084A837 /* ProfileViewController.swift */; };
		FD11B8DE21B3AF88003E3403 /* ProfileViewToolBarController.swift in Sources */ = {isa = PBXBuildFile; fileRef = FD11B8DD21B3AF88003E3403 /* ProfileViewToolBarController.swift */; };
		FD11B8E021B3C21D003E3403 /* ProfileCellView.swift in Sources */ = {isa = PBXBuildFile; fileRef = FD11B8DF21B3C21D003E3403 /* ProfileCellView.swift */; };
		FD21A639220605E7008F25FA /* Box.swift in Sources */ = {isa = PBXBuildFile; fileRef = FD21A638220605E7008F25FA /* Box.swift */; };
		FD262FEB220D5E1200C58BA7 /* OmikujiCellView.xib in Resources */ = {isa = PBXBuildFile; fileRef = FD262FDE220D5E1200C58BA7 /* OmikujiCellView.xib */; };
		FD262FF0220D60D800C58BA7 /* omikuji01.png in Resources */ = {isa = PBXBuildFile; fileRef = FD262FEE220D60D800C58BA7 /* omikuji01.png */; };
		FD262FF1220D60D800C58BA7 /* omikuji02.png in Resources */ = {isa = PBXBuildFile; fileRef = FD262FEF220D60D800C58BA7 /* omikuji02.png */; };
		FD262FF3220D629400C58BA7 /* OmikujiCellView.swift in Sources */ = {isa = PBXBuildFile; fileRef = FD262FF2220D629400C58BA7 /* OmikujiCellView.swift */; };
		FD263009220E786400C58BA7 /* Date.swift in Sources */ = {isa = PBXBuildFile; fileRef = FD263008220E786400C58BA7 /* Date.swift */; };
		FD2D85FC21EB644B00FAE9E2 /* MusicCellDetailView.xib in Resources */ = {isa = PBXBuildFile; fileRef = FD2D85FB21EB644B00FAE9E2 /* MusicCellDetailView.xib */; };
		FD2D860E21EB6B7A00FAE9E2 /* NanumSquareBold.ttf in Resources */ = {isa = PBXBuildFile; fileRef = FD2D860C21EB6A6A00FAE9E2 /* NanumSquareBold.ttf */; };
		FD2D860F21EB6B7C00FAE9E2 /* NanumSquareRegular.ttf in Resources */ = {isa = PBXBuildFile; fileRef = FD2D860D21EB6A6A00FAE9E2 /* NanumSquareRegular.ttf */; };
		FD32E4FD21BEC4F5001DF4CB /* Task.swift in Sources */ = {isa = PBXBuildFile; fileRef = FD32E4FC21BEC4F5001DF4CB /* Task.swift */; };
		FD32E50D21C1942B001DF4CB /* ProfileViewMenuController.swift in Sources */ = {isa = PBXBuildFile; fileRef = FD32E50C21C1942B001DF4CB /* ProfileViewMenuController.swift */; };
		FD4C4C6F21AEC44F00ABCE53 /* jubiinfoText.png in Resources */ = {isa = PBXBuildFile; fileRef = FD4C4C6D21AEC44F00ABCE53 /* jubiinfoText.png */; };
		FD4C4C7021AEC44F00ABCE53 /* jubiinfoIcon.png in Resources */ = {isa = PBXBuildFile; fileRef = FD4C4C6E21AEC44F00ABCE53 /* jubiinfoIcon.png */; };
		FD4C4C7421AECA4000ABCE53 /* ImageUtility.swift in Sources */ = {isa = PBXBuildFile; fileRef = FD4C4C7321AECA4000ABCE53 /* ImageUtility.swift */; };
		FD4C4C7621AECEBB00ABCE53 /* Main.storyboard in Resources */ = {isa = PBXBuildFile; fileRef = FD4C4C7521AECEBB00ABCE53 /* Main.storyboard */; };
		FD6392E121DB5E3200D2380B /* MusicScoreDataPageLoader.swift in Sources */ = {isa = PBXBuildFile; fileRef = FD6392E021DB5E3100D2380B /* MusicScoreDataPageLoader.swift */; };
		FD7F64CE2199D62100E534E7 /* AppDelegate.swift in Sources */ = {isa = PBXBuildFile; fileRef = FD7F64CD2199D62100E534E7 /* AppDelegate.swift */; };
		FD7F64D02199D62100E534E7 /* LoginViewController.swift in Sources */ = {isa = PBXBuildFile; fileRef = FD7F64CF2199D62100E534E7 /* LoginViewController.swift */; };
		FD7F64D72199D62200E534E7 /* Assets.xcassets in Resources */ = {isa = PBXBuildFile; fileRef = FD7F64D62199D62200E534E7 /* Assets.xcassets */; };
		FD9366A52200C5DF00919C67 /* MusicScoreGraphView.swift in Sources */ = {isa = PBXBuildFile; fileRef = FD9366A42200C5DF00919C67 /* MusicScoreGraphView.swift */; };
		FD9366B52200CB9D00919C67 /* MusicCellDetailView.swift in Sources */ = {isa = PBXBuildFile; fileRef = FD9366B42200CB9D00919C67 /* MusicCellDetailView.swift */; };
		FDA5EB2821CAA4DE00D41143 /* ErrorRecord.swift in Sources */ = {isa = PBXBuildFile; fileRef = FDA5EB2721CAA4DE00D41143 /* ErrorRecord.swift */; };
		FDA70D3621B2572500B551F8 /* LoginViewToolBarController.swift in Sources */ = {isa = PBXBuildFile; fileRef = FDA70D3521B2572500B551F8 /* LoginViewToolBarController.swift */; };
		FDA98C7121C4A7CC0060CBED /* EventDispatcher.swift in Sources */ = {isa = PBXBuildFile; fileRef = FDA98C7021C4A7CC0060CBED /* EventDispatcher.swift */; };
		FDA98C7721C4FC5F0060CBED /* MusicCellView.swift in Sources */ = {isa = PBXBuildFile; fileRef = FDA98C7621C4FC5F0060CBED /* MusicCellView.swift */; };
		FDA98C7C21C4FD7A0060CBED /* MusicDataView.swift in Sources */ = {isa = PBXBuildFile; fileRef = FDA98C7B21C4FD7A0060CBED /* MusicDataView.swift */; };
		FDA98C7E21C4FD9F0060CBED /* MusicCellSectionLineView.swift in Sources */ = {isa = PBXBuildFile; fileRef = FDA98C7D21C4FD9F0060CBED /* MusicCellSectionLineView.swift */; };
		FDA98C8021C510E80060CBED /* MusicDataViewToolBarController.swift in Sources */ = {isa = PBXBuildFile; fileRef = FDA98C7F21C510E80060CBED /* MusicDataViewToolBarController.swift */; };
		FDA98CA021C6A93C0060CBED /* Algorithm.swift in Sources */ = {isa = PBXBuildFile; fileRef = FDA98C9F21C6A93C0060CBED /* Algorithm.swift */; };
		FDA98CA321C6CB8F0060CBED /* LazyInitializedView.swift in Sources */ = {isa = PBXBuildFile; fileRef = FDA98CA221C6CB8F0060CBED /* LazyInitializedView.swift */; };
		FDB5F4FB21B6D0DC00CC1F1C /* DataStorage.swift in Sources */ = {isa = PBXBuildFile; fileRef = FDB5F4FA21B6D0DC00CC1F1C /* DataStorage.swift */; };
		FDBFCF7821DB1CBC00D673B4 /* Language.swift in Sources */ = {isa = PBXBuildFile; fileRef = FDBFCF7721DB1CBC00D673B4 /* Language.swift */; };
		FDC0140821BD7E160070EC37 /* Material.framework in Frameworks */ = {isa = PBXBuildFile; fileRef = 6293174321BA1E9F0038E016 /* Material.framework */; };
		FDC0140921BD7E160070EC37 /* Material.framework in Embed Frameworks */ = {isa = PBXBuildFile; fileRef = 6293174321BA1E9F0038E016 /* Material.framework */; settings = {ATTRIBUTES = (CodeSignOnCopy, RemoveHeadersOnCopy, ); }; };
		FDC0140C21BD7E160070EC37 /* Motion.framework in Frameworks */ = {isa = PBXBuildFile; fileRef = FD11B8FE21B563AD003E3403 /* Motion.framework */; };
		FDC0140D21BD7E160070EC37 /* Motion.framework in Embed Frameworks */ = {isa = PBXBuildFile; fileRef = FD11B8FE21B563AD003E3403 /* Motion.framework */; settings = {ATTRIBUTES = (CodeSignOnCopy, RemoveHeadersOnCopy, ); }; };
		FDC0141021BD7E160070EC37 /* SwiftSoup.framework in Frameworks */ = {isa = PBXBuildFile; fileRef = FD6AD4A421A7282A0038D130 /* SwiftSoup.framework */; };
		FDC0141121BD7E160070EC37 /* SwiftSoup.framework in Embed Frameworks */ = {isa = PBXBuildFile; fileRef = FD6AD4A421A7282A0038D130 /* SwiftSoup.framework */; settings = {ATTRIBUTES = (CodeSignOnCopy, RemoveHeadersOnCopy, ); }; };
		FDC0141421BD7E160070EC37 /* Alamofire.framework in Frameworks */ = {isa = PBXBuildFile; fileRef = FD15B4CC21A720450013BB97 /* Alamofire.framework */; };
		FDC0141521BD7E160070EC37 /* Alamofire.framework in Embed Frameworks */ = {isa = PBXBuildFile; fileRef = FD15B4CC21A720450013BB97 /* Alamofire.framework */; settings = {ATTRIBUTES = (CodeSignOnCopy, RemoveHeadersOnCopy, ); }; };
		FDC0141A21BE0BBB0070EC37 /* RankDataGraphCellView.swift in Sources */ = {isa = PBXBuildFile; fileRef = FDC0141921BE0BBB0070EC37 /* RankDataGraphCellView.swift */; };
		FDC0142621BE49630070EC37 /* Charts.framework in Frameworks */ = {isa = PBXBuildFile; fileRef = FDC0142121BE49540070EC37 /* Charts.framework */; };
		FDC0142721BE49630070EC37 /* Charts.framework in Embed Frameworks */ = {isa = PBXBuildFile; fileRef = FDC0142121BE49540070EC37 /* Charts.framework */; settings = {ATTRIBUTES = (CodeSignOnCopy, RemoveHeadersOnCopy, ); }; };
		FDC0D2DF2207315E006BBC52 /* TickTimer.swift in Sources */ = {isa = PBXBuildFile; fileRef = FDC0D2DE2207315E006BBC52 /* TickTimer.swift */; };
		FDC0D2ED22073198006BBC52 /* EasingFunction.swift in Sources */ = {isa = PBXBuildFile; fileRef = FDC0D2EC22073198006BBC52 /* EasingFunction.swift */; };
		FDC0D3062209DA23006BBC52 /* RivalRankView.swift in Sources */ = {isa = PBXBuildFile; fileRef = FDC0D3052209DA23006BBC52 /* RivalRankView.swift */; };
		FDC0D3082209DA58006BBC52 /* RivalRankCellView.swift in Sources */ = {isa = PBXBuildFile; fileRef = FDC0D3072209DA58006BBC52 /* RivalRankCellView.swift */; };
		FDC48F5D220B4D6F0032602B /* goldCrown.png in Resources */ = {isa = PBXBuildFile; fileRef = FDC48F5A220B4D6F0032602B /* goldCrown.png */; };
		FDC48F5E220B4D6F0032602B /* bronzeCrown.png in Resources */ = {isa = PBXBuildFile; fileRef = FDC48F5B220B4D6F0032602B /* bronzeCrown.png */; };
		FDC48F5F220B4D6F0032602B /* silverCrown.png in Resources */ = {isa = PBXBuildFile; fileRef = FDC48F5C220B4D6F0032602B /* silverCrown.png */; };
		FDC48F74220BEDCA0032602B /* lock.png in Resources */ = {isa = PBXBuildFile; fileRef = FDC48F67220BEDCA0032602B /* lock.png */; };
		FDC48F90220C2BE30032602B /* RivalRankCellView.xib in Resources */ = {isa = PBXBuildFile; fileRef = FDC48F83220C2BE30032602B /* RivalRankCellView.xib */; };
		FDC5BBD121EA18BE000951BD /* ProfileView.swift in Sources */ = {isa = PBXBuildFile; fileRef = FDC5BBD021EA18BE000951BD /* ProfileView.swift */; };
		FDC5BBD321EA3452000951BD /* CustomStackView.swift in Sources */ = {isa = PBXBuildFile; fileRef = FDC5BBD221EA3452000951BD /* CustomStackView.swift */; };
		FDC5BBD521EA34BE000951BD /* MusicDataViewController.swift in Sources */ = {isa = PBXBuildFile; fileRef = FDC5BBD421EA34BE000951BD /* MusicDataViewController.swift */; };
		FDC66F9F21D1474B0094F322 /* MusicCellView.xib in Resources */ = {isa = PBXBuildFile; fileRef = FDC66F9E21D1474A0094F322 /* MusicCellView.xib */; };
		FDC66FA321D14E290094F322 /* ProfileCellView.xib in Resources */ = {isa = PBXBuildFile; fileRef = FDC66FA221D14E290094F322 /* ProfileCellView.xib */; };
		FDC66FA521D152DF0094F322 /* MusicCellSectionLineView.xib in Resources */ = {isa = PBXBuildFile; fileRef = FDC66FA421D152DF0094F322 /* MusicCellSectionLineView.xib */; };
		FDC66FA721D170AC0094F322 /* PlayDataACellView.xib in Resources */ = {isa = PBXBuildFile; fileRef = FDC66FA621D170AC0094F322 /* PlayDataACellView.xib */; };
		FDC66FA921D175270094F322 /* RankDataGraphCellView.xib in Resources */ = {isa = PBXBuildFile; fileRef = FDC66FA821D175270094F322 /* RankDataGraphCellView.xib */; };
		FDC66FB421D289820094F322 /* sortIcon.png in Resources */ = {isa = PBXBuildFile; fileRef = FDC66FB121D289820094F322 /* sortIcon.png */; settings = {ASSET_TAGS = (sortImage, ); }; };
		FDC66FB521D289820094F322 /* background.jpg in Resources */ = {isa = PBXBuildFile; fileRef = FDC66FB321D289820094F322 /* background.jpg */; };
		FDCECA0621B03C6000F253B2 /* HttpUtility.swift in Sources */ = {isa = PBXBuildFile; fileRef = FDCECA0521B03C6000F253B2 /* HttpUtility.swift */; };
		FDCF4F7E21D6458100E3CC5A /* EAmusementCaptchaSolver.swift in Sources */ = {isa = PBXBuildFile; fileRef = FDCF4F7D21D6458100E3CC5A /* EAmusementCaptchaSolver.swift */; };
		FDCF4FAE21D761B000E3CC5A /* StringTransform.swift in Sources */ = {isa = PBXBuildFile; fileRef = FDCF4FAD21D761B000E3CC5A /* StringTransform.swift */; };
		FDD2250121AC50BC008C7DB1 /* SpinLock.swift in Sources */ = {isa = PBXBuildFile; fileRef = FDD2250021AC50BC008C7DB1 /* SpinLock.swift */; };
		FDD2250621AC50F0008C7DB1 /* Color.swift in Sources */ = {isa = PBXBuildFile; fileRef = FDD2250521AC50F0008C7DB1 /* Color.swift */; };
		FDD2250921AC50FE008C7DB1 /* Point.swift in Sources */ = {isa = PBXBuildFile; fileRef = FDD2250821AC50FE008C7DB1 /* Point.swift */; };
		FDD2251021AC51D3008C7DB1 /* JubeatWebServer.swift in Sources */ = {isa = PBXBuildFile; fileRef = FDD2250F21AC51D3008C7DB1 /* JubeatWebServer.swift */; };
		FDDAFEEE21B846580044F5C0 /* PlayDataACellView.swift in Sources */ = {isa = PBXBuildFile; fileRef = FDDAFEED21B846580044F5C0 /* PlayDataACellView.swift */; };
		FDDAFEF021B997150044F5C0 /* UIUtility.swift in Sources */ = {isa = PBXBuildFile; fileRef = FDDAFEEF21B997150044F5C0 /* UIUtility.swift */; };
		FDE1436521ECE9A000BC9924 /* MusicDetailScoreView.swift in Sources */ = {isa = PBXBuildFile; fileRef = FDE1436421ECE9A000BC9924 /* MusicDetailScoreView.swift */; };
		FDE87D0321F32E8300E74CDF /* SBCardPopup.framework in Frameworks */ = {isa = PBXBuildFile; fileRef = FDE87D0021F32E7000E74CDF /* SBCardPopup.framework */; };
		FDE87D0421F32EA700E74CDF /* SBCardPopup.framework in Embed Frameworks */ = {isa = PBXBuildFile; fileRef = FDE87D0021F32E7000E74CDF /* SBCardPopup.framework */; settings = {ATTRIBUTES = (CodeSignOnCopy, RemoveHeadersOnCopy, ); }; };
		FDE87D0721F3354B00E74CDF /* MusicSortModeViewController.swift in Sources */ = {isa = PBXBuildFile; fileRef = FDE87D0621F3354B00E74CDF /* MusicSortModeViewController.swift */; };
		FDF1347621B39C3A00D0F2FD /* LaunchScreen.storyboard in Resources */ = {isa = PBXBuildFile; fileRef = FDF1347521B39C3A00D0F2FD /* LaunchScreen.storyboard */; };
/* End PBXBuildFile section */

/* Begin PBXContainerItemProxy section */
		6293174221BA1E9F0038E016 /* PBXContainerItemProxy */ = {
			isa = PBXContainerItemProxy;
			containerPortal = 6293173D21BA1E9F0038E016 /* Material.xcodeproj */;
			proxyType = 2;
			remoteGlobalIDString = 963832361B88DFD80015F710;
			remoteInfo = Material;
		};
		FD11B8FD21B563AD003E3403 /* PBXContainerItemProxy */ = {
			isa = PBXContainerItemProxy;
			containerPortal = FD11B8F921B563AD003E3403 /* Motion.xcodeproj */;
			proxyType = 2;
			remoteGlobalIDString = 96C98DD11E424AB000B22906;
			remoteInfo = "Motion iOS";
		};
		FD15B4CB21A720450013BB97 /* PBXContainerItemProxy */ = {
			isa = PBXContainerItemProxy;
			containerPortal = FD15B4C021A720440013BB97 /* Alamofire.xcodeproj */;
			proxyType = 2;
			remoteGlobalIDString = F8111E3319A95C8B0040E7D1;
			remoteInfo = "Alamofire iOS";
		};
		FD15B4CD21A720450013BB97 /* PBXContainerItemProxy */ = {
			isa = PBXContainerItemProxy;
			containerPortal = FD15B4C021A720440013BB97 /* Alamofire.xcodeproj */;
			proxyType = 2;
			remoteGlobalIDString = F8111E3E19A95C8B0040E7D1;
			remoteInfo = "Alamofire iOS Tests";
		};
		FD15B4CF21A720450013BB97 /* PBXContainerItemProxy */ = {
			isa = PBXContainerItemProxy;
			containerPortal = FD15B4C021A720440013BB97 /* Alamofire.xcodeproj */;
			proxyType = 2;
			remoteGlobalIDString = 4DD67C0B1A5C55C900ED2280;
			remoteInfo = "Alamofire macOS";
		};
		FD15B4D121A720450013BB97 /* PBXContainerItemProxy */ = {
			isa = PBXContainerItemProxy;
			containerPortal = FD15B4C021A720440013BB97 /* Alamofire.xcodeproj */;
			proxyType = 2;
			remoteGlobalIDString = F829C6B21A7A94F100A2CD59;
			remoteInfo = "Alamofire macOS Tests";
		};
		FD15B4D321A720450013BB97 /* PBXContainerItemProxy */ = {
			isa = PBXContainerItemProxy;
			containerPortal = FD15B4C021A720440013BB97 /* Alamofire.xcodeproj */;
			proxyType = 2;
			remoteGlobalIDString = 4CF626EF1BA7CB3E0011A099;
			remoteInfo = "Alamofire tvOS";
		};
		FD15B4D521A720450013BB97 /* PBXContainerItemProxy */ = {
			isa = PBXContainerItemProxy;
			containerPortal = FD15B4C021A720440013BB97 /* Alamofire.xcodeproj */;
			proxyType = 2;
			remoteGlobalIDString = 4CF626F81BA7CB3E0011A099;
			remoteInfo = "Alamofire tvOS Tests";
		};
		FD15B4D721A720450013BB97 /* PBXContainerItemProxy */ = {
			isa = PBXContainerItemProxy;
			containerPortal = FD15B4C021A720440013BB97 /* Alamofire.xcodeproj */;
			proxyType = 2;
			remoteGlobalIDString = E4202FE01B667AA100C997FB;
			remoteInfo = "Alamofire watchOS";
		};
		FD6AD4A321A7282A0038D130 /* PBXContainerItemProxy */ = {
			isa = PBXContainerItemProxy;
			containerPortal = FD6AD49421A7282A0038D130 /* SwiftSoup.xcodeproj */;
			proxyType = 2;
			remoteGlobalIDString = 8CE418161DAA54A900240B42;
			remoteInfo = "SwiftSoup-iOS";
		};
		FD6AD4A521A7282A0038D130 /* PBXContainerItemProxy */ = {
			isa = PBXContainerItemProxy;
			containerPortal = FD6AD49421A7282A0038D130 /* SwiftSoup.xcodeproj */;
			proxyType = 2;
			remoteGlobalIDString = BD3B5BA91FBED933001FDB3B;
			remoteInfo = "SwiftSoup-macOS";
		};
		FD6AD4A721A7282A0038D130 /* PBXContainerItemProxy */ = {
			isa = PBXContainerItemProxy;
			containerPortal = FD6AD49421A7282A0038D130 /* SwiftSoup.xcodeproj */;
			proxyType = 2;
			remoteGlobalIDString = BD3B5BEC1FC063BD001FDB3B;
			remoteInfo = "SwiftSoup-tvOS";
		};
		FD6AD4A921A7282A0038D130 /* PBXContainerItemProxy */ = {
			isa = PBXContainerItemProxy;
			containerPortal = FD6AD49421A7282A0038D130 /* SwiftSoup.xcodeproj */;
			proxyType = 2;
			remoteGlobalIDString = BD3B5C2F1FC06423001FDB3B;
			remoteInfo = "SwiftSoup-watchOS";
		};
		FD6AD4AB21A7282A0038D130 /* PBXContainerItemProxy */ = {
			isa = PBXContainerItemProxy;
			containerPortal = FD6AD49421A7282A0038D130 /* SwiftSoup.xcodeproj */;
			proxyType = 2;
			remoteGlobalIDString = 8CE4181F1DAA54A900240B42;
			remoteInfo = SwiftSoupTests;
		};
		FD7F64E12199D62300E534E7 /* PBXContainerItemProxy */ = {
			isa = PBXContainerItemProxy;
			containerPortal = FD7F64C22199D62100E534E7 /* Project object */;
			proxyType = 1;
			remoteGlobalIDString = FD7F64C92199D62100E534E7;
			remoteInfo = jubiinfo;
		};
		FD7F64EC2199D62300E534E7 /* PBXContainerItemProxy */ = {
			isa = PBXContainerItemProxy;
			containerPortal = FD7F64C22199D62100E534E7 /* Project object */;
			proxyType = 1;
			remoteGlobalIDString = FD7F64C92199D62100E534E7;
			remoteInfo = jubiinfo;
		};
		FDC0140021BD7DD40070EC37 /* PBXContainerItemProxy */ = {
			isa = PBXContainerItemProxy;
			containerPortal = FD11B8F921B563AD003E3403 /* Motion.xcodeproj */;
			proxyType = 1;
			remoteGlobalIDString = 96C98DD01E424AB000B22906;
			remoteInfo = "Motion iOS";
		};
		FDC0140221BD7DEA0070EC37 /* PBXContainerItemProxy */ = {
			isa = PBXContainerItemProxy;
			containerPortal = 6293173D21BA1E9F0038E016 /* Material.xcodeproj */;
			proxyType = 1;
			remoteGlobalIDString = 963832351B88DFD80015F710;
			remoteInfo = Material;
		};
		FDC0140421BD7DF30070EC37 /* PBXContainerItemProxy */ = {
			isa = PBXContainerItemProxy;
			containerPortal = FD6AD49421A7282A0038D130 /* SwiftSoup.xcodeproj */;
			proxyType = 1;
			remoteGlobalIDString = 8CE418151DAA54A900240B42;
			remoteInfo = "SwiftSoup-iOS";
		};
		FDC0140621BD7DF50070EC37 /* PBXContainerItemProxy */ = {
			isa = PBXContainerItemProxy;
			containerPortal = FD15B4C021A720440013BB97 /* Alamofire.xcodeproj */;
			proxyType = 1;
			remoteGlobalIDString = F8111E3219A95C8B0040E7D1;
			remoteInfo = "Alamofire iOS";
		};
		FDC0140A21BD7E160070EC37 /* PBXContainerItemProxy */ = {
			isa = PBXContainerItemProxy;
			containerPortal = 6293173D21BA1E9F0038E016 /* Material.xcodeproj */;
			proxyType = 1;
			remoteGlobalIDString = 963832351B88DFD80015F710;
			remoteInfo = Material;
		};
		FDC0140E21BD7E160070EC37 /* PBXContainerItemProxy */ = {
			isa = PBXContainerItemProxy;
			containerPortal = FD11B8F921B563AD003E3403 /* Motion.xcodeproj */;
			proxyType = 1;
			remoteGlobalIDString = 96C98DD01E424AB000B22906;
			remoteInfo = "Motion iOS";
		};
		FDC0141221BD7E160070EC37 /* PBXContainerItemProxy */ = {
			isa = PBXContainerItemProxy;
			containerPortal = FD6AD49421A7282A0038D130 /* SwiftSoup.xcodeproj */;
			proxyType = 1;
			remoteGlobalIDString = 8CE418151DAA54A900240B42;
			remoteInfo = "SwiftSoup-iOS";
		};
		FDC0141621BD7E160070EC37 /* PBXContainerItemProxy */ = {
			isa = PBXContainerItemProxy;
			containerPortal = FD15B4C021A720440013BB97 /* Alamofire.xcodeproj */;
			proxyType = 1;
			remoteGlobalIDString = F8111E3219A95C8B0040E7D1;
			remoteInfo = "Alamofire iOS";
		};
		FDC0142021BE49540070EC37 /* PBXContainerItemProxy */ = {
			isa = PBXContainerItemProxy;
			containerPortal = FDC0141B21BE49540070EC37 /* Charts.xcodeproj */;
			proxyType = 2;
			remoteGlobalIDString = 65AD9E95D9ED4DC0BD73A743;
			remoteInfo = Charts;
		};
		FDC0142221BE49540070EC37 /* PBXContainerItemProxy */ = {
			isa = PBXContainerItemProxy;
			containerPortal = FDC0141B21BE49540070EC37 /* Charts.xcodeproj */;
			proxyType = 2;
			remoteGlobalIDString = 1CBBC58C6CE1EBEE9852CE41;
			remoteInfo = ChartsTests;
		};
		FDC0142421BE495C0070EC37 /* PBXContainerItemProxy */ = {
			isa = PBXContainerItemProxy;
			containerPortal = FDC0141B21BE49540070EC37 /* Charts.xcodeproj */;
			proxyType = 1;
			remoteGlobalIDString = A58A4ED274A941CA248EA921;
			remoteInfo = Charts;
		};
		FDC0142821BE49630070EC37 /* PBXContainerItemProxy */ = {
			isa = PBXContainerItemProxy;
			containerPortal = FDC0141B21BE49540070EC37 /* Charts.xcodeproj */;
			proxyType = 1;
			remoteGlobalIDString = A58A4ED274A941CA248EA921;
			remoteInfo = Charts;
		};
		FDE87CFF21F32E7000E74CDF /* PBXContainerItemProxy */ = {
			isa = PBXContainerItemProxy;
			containerPortal = FDE87CFB21F32E7000E74CDF /* SBCardPopup.xcodeproj */;
			proxyType = 2;
			remoteGlobalIDString = 6765DAE21EFC3FED00B38628;
			remoteInfo = SBCardPopup;
		};
		FDE87D0121F32E7C00E74CDF /* PBXContainerItemProxy */ = {
			isa = PBXContainerItemProxy;
			containerPortal = FDE87CFB21F32E7000E74CDF /* SBCardPopup.xcodeproj */;
			proxyType = 1;
			remoteGlobalIDString = 6765DAE11EFC3FED00B38628;
			remoteInfo = SBCardPopup;
		};
/* End PBXContainerItemProxy section */

/* Begin PBXCopyFilesBuildPhase section */
		FDC0141821BD7E160070EC37 /* Embed Frameworks */ = {
			isa = PBXCopyFilesBuildPhase;
			buildActionMask = 2147483647;
			dstPath = "";
			dstSubfolderSpec = 10;
			files = (
				FDE87D0421F32EA700E74CDF /* SBCardPopup.framework in Embed Frameworks */,
				FDC0140D21BD7E160070EC37 /* Motion.framework in Embed Frameworks */,
				FDC0140921BD7E160070EC37 /* Material.framework in Embed Frameworks */,
				FDC0142721BE49630070EC37 /* Charts.framework in Embed Frameworks */,
				FDC0141121BD7E160070EC37 /* SwiftSoup.framework in Embed Frameworks */,
				FDC0141521BD7E160070EC37 /* Alamofire.framework in Embed Frameworks */,
			);
			name = "Embed Frameworks";
			runOnlyForDeploymentPostprocessing = 0;
		};
/* End PBXCopyFilesBuildPhase section */

/* Begin PBXFileReference section */
		6293173D21BA1E9F0038E016 /* Material.xcodeproj */ = {isa = PBXFileReference; lastKnownFileType = "wrapper.pb-project"; name = Material.xcodeproj; path = "Material-2.16.4/Material.xcodeproj"; sourceTree = "<group>"; };
		62ED01B321C2185900056141 /* SettingDataStorage.swift */ = {isa = PBXFileReference; lastKnownFileType = sourcecode.swift; path = SettingDataStorage.swift; sourceTree = "<group>"; };
		FD0EA840219B14660084A837 /* ProfileViewController.swift */ = {isa = PBXFileReference; lastKnownFileType = sourcecode.swift; path = ProfileViewController.swift; sourceTree = "<group>"; };
		FD11B8DD21B3AF88003E3403 /* ProfileViewToolBarController.swift */ = {isa = PBXFileReference; fileEncoding = 4; lastKnownFileType = sourcecode.swift; path = ProfileViewToolBarController.swift; sourceTree = "<group>"; };
		FD11B8DF21B3C21D003E3403 /* ProfileCellView.swift */ = {isa = PBXFileReference; fileEncoding = 4; lastKnownFileType = sourcecode.swift; path = ProfileCellView.swift; sourceTree = "<group>"; };
		FD11B8F921B563AD003E3403 /* Motion.xcodeproj */ = {isa = PBXFileReference; lastKnownFileType = "wrapper.pb-project"; name = Motion.xcodeproj; path = "Motion-1.4.3/Motion.xcodeproj"; sourceTree = "<group>"; };
		FD15B4C021A720440013BB97 /* Alamofire.xcodeproj */ = {isa = PBXFileReference; lastKnownFileType = "wrapper.pb-project"; name = Alamofire.xcodeproj; path = "Alamofire-4.7.3/Alamofire.xcodeproj"; sourceTree = "<group>"; };
		FD21A638220605E7008F25FA /* Box.swift */ = {isa = PBXFileReference; lastKnownFileType = sourcecode.swift; path = Box.swift; sourceTree = "<group>"; };
		FD262FDE220D5E1200C58BA7 /* OmikujiCellView.xib */ = {isa = PBXFileReference; fileEncoding = 4; lastKnownFileType = file.xib; path = OmikujiCellView.xib; sourceTree = "<group>"; };
		FD262FEE220D60D800C58BA7 /* omikuji01.png */ = {isa = PBXFileReference; lastKnownFileType = image.png; path = omikuji01.png; sourceTree = "<group>"; };
		FD262FEF220D60D800C58BA7 /* omikuji02.png */ = {isa = PBXFileReference; lastKnownFileType = image.png; path = omikuji02.png; sourceTree = "<group>"; };
		FD262FF2220D629400C58BA7 /* OmikujiCellView.swift */ = {isa = PBXFileReference; lastKnownFileType = sourcecode.swift; path = OmikujiCellView.swift; sourceTree = "<group>"; };
		FD263008220E786400C58BA7 /* Date.swift */ = {isa = PBXFileReference; lastKnownFileType = sourcecode.swift; path = Date.swift; sourceTree = "<group>"; };
		FD2D85FB21EB644B00FAE9E2 /* MusicCellDetailView.xib */ = {isa = PBXFileReference; lastKnownFileType = file.xib; path = MusicCellDetailView.xib; sourceTree = "<group>"; };
		FD2D860C21EB6A6A00FAE9E2 /* NanumSquareBold.ttf */ = {isa = PBXFileReference; lastKnownFileType = file; path = NanumSquareBold.ttf; sourceTree = "<group>"; };
		FD2D860D21EB6A6A00FAE9E2 /* NanumSquareRegular.ttf */ = {isa = PBXFileReference; lastKnownFileType = file; path = NanumSquareRegular.ttf; sourceTree = "<group>"; };
		FD2D861021EB6EDB00FAE9E2 /* NanumGothicBold.ttf */ = {isa = PBXFileReference; lastKnownFileType = file; path = NanumGothicBold.ttf; sourceTree = "<group>"; };
		FD2D861121EB6EDB00FAE9E2 /* NanumGothic.ttf */ = {isa = PBXFileReference; lastKnownFileType = file; path = NanumGothic.ttf; sourceTree = "<group>"; };
		FD32E4FC21BEC4F5001DF4CB /* Task.swift */ = {isa = PBXFileReference; lastKnownFileType = sourcecode.swift; path = Task.swift; sourceTree = "<group>"; };
		FD32E50C21C1942B001DF4CB /* ProfileViewMenuController.swift */ = {isa = PBXFileReference; lastKnownFileType = sourcecode.swift; path = ProfileViewMenuController.swift; sourceTree = "<group>"; };
		FD4C4C6D21AEC44F00ABCE53 /* jubiinfoText.png */ = {isa = PBXFileReference; lastKnownFileType = image.png; path = jubiinfoText.png; sourceTree = "<group>"; };
		FD4C4C6E21AEC44F00ABCE53 /* jubiinfoIcon.png */ = {isa = PBXFileReference; lastKnownFileType = image.png; path = jubiinfoIcon.png; sourceTree = "<group>"; };
		FD4C4C7321AECA4000ABCE53 /* ImageUtility.swift */ = {isa = PBXFileReference; lastKnownFileType = sourcecode.swift; path = ImageUtility.swift; sourceTree = "<group>"; };
		FD4C4C7521AECEBB00ABCE53 /* Main.storyboard */ = {isa = PBXFileReference; lastKnownFileType = file.storyboard; path = Main.storyboard; sourceTree = "<group>"; };
		FD6392E021DB5E3100D2380B /* MusicScoreDataPageLoader.swift */ = {isa = PBXFileReference; lastKnownFileType = sourcecode.swift; path = MusicScoreDataPageLoader.swift; sourceTree = "<group>"; };
		FD6AD49421A7282A0038D130 /* SwiftSoup.xcodeproj */ = {isa = PBXFileReference; lastKnownFileType = "wrapper.pb-project"; name = SwiftSoup.xcodeproj; path = "SwiftSoup-1.7.5/SwiftSoup.xcodeproj"; sourceTree = "<group>"; };
		FD7F64CA2199D62100E534E7 /* jubiinfo.app */ = {isa = PBXFileReference; explicitFileType = wrapper.application; includeInIndex = 0; path = jubiinfo.app; sourceTree = BUILT_PRODUCTS_DIR; };
		FD7F64CD2199D62100E534E7 /* AppDelegate.swift */ = {isa = PBXFileReference; lastKnownFileType = sourcecode.swift; path = AppDelegate.swift; sourceTree = "<group>"; };
		FD7F64CF2199D62100E534E7 /* LoginViewController.swift */ = {isa = PBXFileReference; lastKnownFileType = sourcecode.swift; path = LoginViewController.swift; sourceTree = "<group>"; };
		FD7F64D62199D62200E534E7 /* Assets.xcassets */ = {isa = PBXFileReference; lastKnownFileType = folder.assetcatalog; path = Assets.xcassets; sourceTree = "<group>"; };
		FD7F64DB2199D62200E534E7 /* Info.plist */ = {isa = PBXFileReference; lastKnownFileType = text.plist.xml; path = Info.plist; sourceTree = "<group>"; };
		FD7F64E02199D62300E534E7 /* jubiinfoTests.xctest */ = {isa = PBXFileReference; explicitFileType = wrapper.cfbundle; includeInIndex = 0; path = jubiinfoTests.xctest; sourceTree = BUILT_PRODUCTS_DIR; };
		FD7F64EB2199D62300E534E7 /* jubiinfoUITests.xctest */ = {isa = PBXFileReference; explicitFileType = wrapper.cfbundle; includeInIndex = 0; path = jubiinfoUITests.xctest; sourceTree = BUILT_PRODUCTS_DIR; };
		FD9366A42200C5DF00919C67 /* MusicScoreGraphView.swift */ = {isa = PBXFileReference; lastKnownFileType = sourcecode.swift; path = MusicScoreGraphView.swift; sourceTree = "<group>"; };
		FD9366B42200CB9D00919C67 /* MusicCellDetailView.swift */ = {isa = PBXFileReference; lastKnownFileType = sourcecode.swift; path = MusicCellDetailView.swift; sourceTree = "<group>"; };
		FDA5EB2721CAA4DE00D41143 /* ErrorRecord.swift */ = {isa = PBXFileReference; lastKnownFileType = sourcecode.swift; path = ErrorRecord.swift; sourceTree = "<group>"; };
		FDA70D3521B2572500B551F8 /* LoginViewToolBarController.swift */ = {isa = PBXFileReference; fileEncoding = 4; lastKnownFileType = sourcecode.swift; path = LoginViewToolBarController.swift; sourceTree = "<group>"; };
		FDA98C7021C4A7CC0060CBED /* EventDispatcher.swift */ = {isa = PBXFileReference; lastKnownFileType = sourcecode.swift; path = EventDispatcher.swift; sourceTree = "<group>"; };
		FDA98C7621C4FC5F0060CBED /* MusicCellView.swift */ = {isa = PBXFileReference; lastKnownFileType = sourcecode.swift; path = MusicCellView.swift; sourceTree = "<group>"; };
		FDA98C7B21C4FD7A0060CBED /* MusicDataView.swift */ = {isa = PBXFileReference; lastKnownFileType = sourcecode.swift; path = MusicDataView.swift; sourceTree = "<group>"; };
		FDA98C7D21C4FD9F0060CBED /* MusicCellSectionLineView.swift */ = {isa = PBXFileReference; lastKnownFileType = sourcecode.swift; path = MusicCellSectionLineView.swift; sourceTree = "<group>"; };
		FDA98C7F21C510E80060CBED /* MusicDataViewToolBarController.swift */ = {isa = PBXFileReference; lastKnownFileType = sourcecode.swift; path = MusicDataViewToolBarController.swift; sourceTree = "<group>"; };
		FDA98C9F21C6A93C0060CBED /* Algorithm.swift */ = {isa = PBXFileReference; lastKnownFileType = sourcecode.swift; path = Algorithm.swift; sourceTree = "<group>"; };
		FDA98CA221C6CB8F0060CBED /* LazyInitializedView.swift */ = {isa = PBXFileReference; lastKnownFileType = sourcecode.swift; path = LazyInitializedView.swift; sourceTree = "<group>"; };
		FDB5F4FA21B6D0DC00CC1F1C /* DataStorage.swift */ = {isa = PBXFileReference; lastKnownFileType = sourcecode.swift; path = DataStorage.swift; sourceTree = "<group>"; };
		FDBFCF7721DB1CBC00D673B4 /* Language.swift */ = {isa = PBXFileReference; lastKnownFileType = sourcecode.swift; path = Language.swift; sourceTree = "<group>"; };
		FDC0141921BE0BBB0070EC37 /* RankDataGraphCellView.swift */ = {isa = PBXFileReference; lastKnownFileType = sourcecode.swift; path = RankDataGraphCellView.swift; sourceTree = "<group>"; };
		FDC0141B21BE49540070EC37 /* Charts.xcodeproj */ = {isa = PBXFileReference; lastKnownFileType = "wrapper.pb-project"; name = Charts.xcodeproj; path = "Charts-3.2.1/Charts.xcodeproj"; sourceTree = "<group>"; };
		FDC0D2DE2207315E006BBC52 /* TickTimer.swift */ = {isa = PBXFileReference; lastKnownFileType = sourcecode.swift; path = TickTimer.swift; sourceTree = "<group>"; };
		FDC0D2EC22073198006BBC52 /* EasingFunction.swift */ = {isa = PBXFileReference; lastKnownFileType = sourcecode.swift; path = EasingFunction.swift; sourceTree = "<group>"; };
		FDC0D3052209DA23006BBC52 /* RivalRankView.swift */ = {isa = PBXFileReference; lastKnownFileType = sourcecode.swift; path = RivalRankView.swift; sourceTree = "<group>"; };
		FDC0D3072209DA58006BBC52 /* RivalRankCellView.swift */ = {isa = PBXFileReference; lastKnownFileType = sourcecode.swift; path = RivalRankCellView.swift; sourceTree = "<group>"; };
		FDC48F5A220B4D6F0032602B /* goldCrown.png */ = {isa = PBXFileReference; lastKnownFileType = image.png; path = goldCrown.png; sourceTree = "<group>"; };
		FDC48F5B220B4D6F0032602B /* bronzeCrown.png */ = {isa = PBXFileReference; lastKnownFileType = image.png; path = bronzeCrown.png; sourceTree = "<group>"; };
		FDC48F5C220B4D6F0032602B /* silverCrown.png */ = {isa = PBXFileReference; lastKnownFileType = image.png; path = silverCrown.png; sourceTree = "<group>"; };
		FDC48F67220BEDCA0032602B /* lock.png */ = {isa = PBXFileReference; lastKnownFileType = image.png; path = lock.png; sourceTree = "<group>"; };
		FDC48F83220C2BE30032602B /* RivalRankCellView.xib */ = {isa = PBXFileReference; fileEncoding = 4; lastKnownFileType = file.xib; path = RivalRankCellView.xib; sourceTree = "<group>"; };
		FDC5BBD021EA18BE000951BD /* ProfileView.swift */ = {isa = PBXFileReference; fileEncoding = 4; lastKnownFileType = sourcecode.swift; path = ProfileView.swift; sourceTree = "<group>"; };
		FDC5BBD221EA3452000951BD /* CustomStackView.swift */ = {isa = PBXFileReference; lastKnownFileType = sourcecode.swift; path = CustomStackView.swift; sourceTree = "<group>"; };
		FDC5BBD421EA34BE000951BD /* MusicDataViewController.swift */ = {isa = PBXFileReference; lastKnownFileType = sourcecode.swift; path = MusicDataViewController.swift; sourceTree = "<group>"; };
		FDC66F9E21D1474A0094F322 /* MusicCellView.xib */ = {isa = PBXFileReference; lastKnownFileType = file.xib; path = MusicCellView.xib; sourceTree = "<group>"; };
		FDC66FA221D14E290094F322 /* ProfileCellView.xib */ = {isa = PBXFileReference; lastKnownFileType = file.xib; path = ProfileCellView.xib; sourceTree = "<group>"; };
		FDC66FA421D152DF0094F322 /* MusicCellSectionLineView.xib */ = {isa = PBXFileReference; lastKnownFileType = file.xib; path = MusicCellSectionLineView.xib; sourceTree = "<group>"; };
		FDC66FA621D170AC0094F322 /* PlayDataACellView.xib */ = {isa = PBXFileReference; lastKnownFileType = file.xib; path = PlayDataACellView.xib; sourceTree = "<group>"; };
		FDC66FA821D175270094F322 /* RankDataGraphCellView.xib */ = {isa = PBXFileReference; lastKnownFileType = file.xib; path = RankDataGraphCellView.xib; sourceTree = "<group>"; };
		FDC66FB121D289820094F322 /* sortIcon.png */ = {isa = PBXFileReference; lastKnownFileType = image.png; path = sortIcon.png; sourceTree = "<group>"; };
		FDC66FB321D289820094F322 /* background.jpg */ = {isa = PBXFileReference; lastKnownFileType = image.jpeg; path = background.jpg; sourceTree = "<group>"; };
		FDCECA0521B03C6000F253B2 /* HttpUtility.swift */ = {isa = PBXFileReference; lastKnownFileType = sourcecode.swift; path = HttpUtility.swift; sourceTree = "<group>"; };
		FDCF4F7D21D6458100E3CC5A /* EAmusementCaptchaSolver.swift */ = {isa = PBXFileReference; lastKnownFileType = sourcecode.swift; path = EAmusementCaptchaSolver.swift; sourceTree = "<group>"; };
		FDCF4FAD21D761B000E3CC5A /* StringTransform.swift */ = {isa = PBXFileReference; lastKnownFileType = sourcecode.swift; path = StringTransform.swift; sourceTree = "<group>"; };
		FDD2250021AC50BC008C7DB1 /* SpinLock.swift */ = {isa = PBXFileReference; lastKnownFileType = sourcecode.swift; path = SpinLock.swift; sourceTree = "<group>"; };
		FDD2250521AC50F0008C7DB1 /* Color.swift */ = {isa = PBXFileReference; lastKnownFileType = sourcecode.swift; path = Color.swift; sourceTree = "<group>"; };
		FDD2250821AC50FE008C7DB1 /* Point.swift */ = {isa = PBXFileReference; lastKnownFileType = sourcecode.swift; path = Point.swift; sourceTree = "<group>"; };
		FDD2250F21AC51D3008C7DB1 /* JubeatWebServer.swift */ = {isa = PBXFileReference; lastKnownFileType = sourcecode.swift; path = JubeatWebServer.swift; sourceTree = "<group>"; };
		FDDAFEED21B846580044F5C0 /* PlayDataACellView.swift */ = {isa = PBXFileReference; lastKnownFileType = sourcecode.swift; path = PlayDataACellView.swift; sourceTree = "<group>"; };
		FDDAFEEF21B997150044F5C0 /* UIUtility.swift */ = {isa = PBXFileReference; lastKnownFileType = sourcecode.swift; path = UIUtility.swift; sourceTree = "<group>"; };
		FDE1436421ECE9A000BC9924 /* MusicDetailScoreView.swift */ = {isa = PBXFileReference; lastKnownFileType = sourcecode.swift; path = MusicDetailScoreView.swift; sourceTree = "<group>"; };
		FDE87CFB21F32E7000E74CDF /* SBCardPopup.xcodeproj */ = {isa = PBXFileReference; lastKnownFileType = "wrapper.pb-project"; name = SBCardPopup.xcodeproj; path = SBCardPopup/SBCardPopup.xcodeproj; sourceTree = "<group>"; };
		FDE87D0621F3354B00E74CDF /* MusicSortModeViewController.swift */ = {isa = PBXFileReference; fileEncoding = 4; lastKnownFileType = sourcecode.swift; path = MusicSortModeViewController.swift; sourceTree = "<group>"; };
		FDF1347521B39C3A00D0F2FD /* LaunchScreen.storyboard */ = {isa = PBXFileReference; fileEncoding = 4; lastKnownFileType = file.storyboard; path = LaunchScreen.storyboard; sourceTree = "<group>"; };
/* End PBXFileReference section */

/* Begin PBXFrameworksBuildPhase section */
		FD7F64C72199D62100E534E7 /* Frameworks */ = {
			isa = PBXFrameworksBuildPhase;
			buildActionMask = 2147483647;
			files = (
				FDE87D0321F32E8300E74CDF /* SBCardPopup.framework in Frameworks */,
				FDC0140C21BD7E160070EC37 /* Motion.framework in Frameworks */,
				FDC0140821BD7E160070EC37 /* Material.framework in Frameworks */,
				FDC0142621BE49630070EC37 /* Charts.framework in Frameworks */,
				FDC0141021BD7E160070EC37 /* SwiftSoup.framework in Frameworks */,
				FDC0141421BD7E160070EC37 /* Alamofire.framework in Frameworks */,
			);
			runOnlyForDeploymentPostprocessing = 0;
		};
		FD7F64DD2199D62300E534E7 /* Frameworks */ = {
			isa = PBXFrameworksBuildPhase;
			buildActionMask = 2147483647;
			files = (
			);
			runOnlyForDeploymentPostprocessing = 0;
		};
		FD7F64E82199D62300E534E7 /* Frameworks */ = {
			isa = PBXFrameworksBuildPhase;
			buildActionMask = 2147483647;
			files = (
			);
			runOnlyForDeploymentPostprocessing = 0;
		};
/* End PBXFrameworksBuildPhase section */

/* Begin PBXGroup section */
		6293173E21BA1E9F0038E016 /* Products */ = {
			isa = PBXGroup;
			children = (
				6293174321BA1E9F0038E016 /* Material.framework */,
			);
			name = Products;
			sourceTree = "<group>";
		};
		6293174C21BA24F50038E016 /* Core */ = {
			isa = PBXGroup;
			children = (
				FD263007220E785600C58BA7 /* Extension */,
				FDCF4FAC21D7616F00E3CC5A /* Locale */,
				FDA98C6321C4A7AF0060CBED /* Misc */,
				FD4C4C7221AECA2E00ABCE53 /* Image */,
				FDD2250A21AC5138008C7DB1 /* Network */,
				FDD2250421AC50E0008C7DB1 /* Math */,
				FDD2250321AC50DA008C7DB1 /* Thread */,
				6293174E21BA250A0038E016 /* UI */,
			);
			path = Core;
			sourceTree = "<group>";
		};
		6293174D21BA24FB0038E016 /* Contents */ = {
			isa = PBXGroup;
			children = (
				FDA5EB2621CAA4AE00D41143 /* Debug */,
				6293174F21BA25330038E016 /* Network */,
				FDF1347721B39E6700D0F2FD /* UI */,
				FDB5F4FA21B6D0DC00CC1F1C /* DataStorage.swift */,
				62ED01B321C2185900056141 /* SettingDataStorage.swift */,
			);
			path = Contents;
			sourceTree = "<group>";
		};
		6293174E21BA250A0038E016 /* UI */ = {
			isa = PBXGroup;
			children = (
				FDDAFEEF21B997150044F5C0 /* UIUtility.swift */,
			);
			path = UI;
			sourceTree = "<group>";
		};
		6293174F21BA25330038E016 /* Network */ = {
			isa = PBXGroup;
			children = (
				FDD2250F21AC51D3008C7DB1 /* JubeatWebServer.swift */,
				FDCF4F7D21D6458100E3CC5A /* EAmusementCaptchaSolver.swift */,
			);
			path = Network;
			sourceTree = "<group>";
		};
		FD11B8FA21B563AD003E3403 /* Products */ = {
			isa = PBXGroup;
			children = (
				FD11B8FE21B563AD003E3403 /* Motion.framework */,
			);
			name = Products;
			sourceTree = "<group>";
		};
		FD11B90721B56599003E3403 /* Frameworks */ = {
			isa = PBXGroup;
			children = (
			);
			name = Frameworks;
			sourceTree = "<group>";
		};
		FD15B4BF21A720320013BB97 /* ThirdParty */ = {
			isa = PBXGroup;
			children = (
				FDE87CFB21F32E7000E74CDF /* SBCardPopup.xcodeproj */,
				FDC0141B21BE49540070EC37 /* Charts.xcodeproj */,
				6293173D21BA1E9F0038E016 /* Material.xcodeproj */,
				FD11B8F921B563AD003E3403 /* Motion.xcodeproj */,
				FD6AD49421A7282A0038D130 /* SwiftSoup.xcodeproj */,
				FD15B4C021A720440013BB97 /* Alamofire.xcodeproj */,
			);
			path = ThirdParty;
			sourceTree = "<group>";
		};
		FD15B4C121A720440013BB97 /* Products */ = {
			isa = PBXGroup;
			children = (
				FD15B4CC21A720450013BB97 /* Alamofire.framework */,
				FD15B4CE21A720450013BB97 /* Alamofire iOS Tests.xctest */,
				FD15B4D021A720450013BB97 /* Alamofire.framework */,
				FD15B4D221A720450013BB97 /* Alamofire macOS Tests.xctest */,
				FD15B4D421A720450013BB97 /* Alamofire.framework */,
				FD15B4D621A720450013BB97 /* Alamofire tvOS Tests.xctest */,
				FD15B4D821A720450013BB97 /* Alamofire.framework */,
			);
			name = Products;
			sourceTree = "<group>";
		};
		FD262FEC220D5F8B00C58BA7 /* Image */ = {
			isa = PBXGroup;
			children = (
				FD262FED220D5FA800C58BA7 /* GUI */,
				FDC66FB021D289820094F322 /* Icon */,
				FDC66FB221D289820094F322 /* Background */,
			);
			path = Image;
			sourceTree = "<group>";
		};
		FD262FED220D5FA800C58BA7 /* GUI */ = {
			isa = PBXGroup;
			children = (
				FD262FEE220D60D800C58BA7 /* omikuji01.png */,
				FD262FEF220D60D800C58BA7 /* omikuji02.png */,
			);
			path = GUI;
			sourceTree = "<group>";
		};
		FD263007220E785600C58BA7 /* Extension */ = {
			isa = PBXGroup;
			children = (
				FD263008220E786400C58BA7 /* Date.swift */,
			);
			path = Extension;
			sourceTree = "<group>";
		};
		FD2D860921EB696100FAE9E2 /* Font */ = {
			isa = PBXGroup;
			children = (
				FD2D861121EB6EDB00FAE9E2 /* NanumGothic.ttf */,
				FD2D861021EB6EDB00FAE9E2 /* NanumGothicBold.ttf */,
				FD2D860C21EB6A6A00FAE9E2 /* NanumSquareBold.ttf */,
				FD2D860D21EB6A6A00FAE9E2 /* NanumSquareRegular.ttf */,
			);
			path = Font;
			sourceTree = "<group>";
		};
		FD4C4C6C21AEC44F00ABCE53 /* Resource */ = {
			isa = PBXGroup;
			children = (
				FD262FEC220D5F8B00C58BA7 /* Image */,
				FD2D860921EB696100FAE9E2 /* Font */,
				FDC66FA121D14DEC0094F322 /* Storyboard */,
				FDC66FA021D14DD40094F322 /* Xib */,
				FD4C4C6D21AEC44F00ABCE53 /* jubiinfoText.png */,
				FD4C4C6E21AEC44F00ABCE53 /* jubiinfoIcon.png */,
			);
			path = Resource;
			sourceTree = "<group>";
		};
		FD4C4C7121AEC91300ABCE53 /* Source */ = {
			isa = PBXGroup;
			children = (
				6293174C21BA24F50038E016 /* Core */,
				6293174D21BA24FB0038E016 /* Contents */,
				FD7F64CD2199D62100E534E7 /* AppDelegate.swift */,
			);
			path = Source;
			sourceTree = "<group>";
		};
		FD4C4C7221AECA2E00ABCE53 /* Image */ = {
			isa = PBXGroup;
			children = (
				FD4C4C7321AECA4000ABCE53 /* ImageUtility.swift */,
			);
			path = Image;
			sourceTree = "<group>";
		};
		FD6AD49521A7282A0038D130 /* Products */ = {
			isa = PBXGroup;
			children = (
				FD6AD4A421A7282A0038D130 /* SwiftSoup.framework */,
				FD6AD4A621A7282A0038D130 /* SwiftSoup.framework */,
				FD6AD4A821A7282A0038D130 /* SwiftSoup.framework */,
				FD6AD4AA21A7282A0038D130 /* SwiftSoup.framework */,
				FD6AD4AC21A7282A0038D130 /* SwiftSoupTests.xctest */,
			);
			name = Products;
			sourceTree = "<group>";
		};
		FD7F64C12199D62100E534E7 = {
			isa = PBXGroup;
			children = (
				FD4C4C6C21AEC44F00ABCE53 /* Resource */,
				FD4C4C7121AEC91300ABCE53 /* Source */,
				FD15B4BF21A720320013BB97 /* ThirdParty */,
				FD7F64CC2199D62100E534E7 /* jubiinfo */,
				FD7F64CB2199D62100E534E7 /* Products */,
				FD11B90721B56599003E3403 /* Frameworks */,
			);
			sourceTree = "<group>";
		};
		FD7F64CB2199D62100E534E7 /* Products */ = {
			isa = PBXGroup;
			children = (
				FD7F64CA2199D62100E534E7 /* jubiinfo.app */,
				FD7F64E02199D62300E534E7 /* jubiinfoTests.xctest */,
				FD7F64EB2199D62300E534E7 /* jubiinfoUITests.xctest */,
			);
			name = Products;
			sourceTree = "<group>";
		};
		FD7F64CC2199D62100E534E7 /* jubiinfo */ = {
			isa = PBXGroup;
			children = (
				FD7F64D62199D62200E534E7 /* Assets.xcassets */,
				FD7F64DB2199D62200E534E7 /* Info.plist */,
			);
			path = jubiinfo;
			sourceTree = "<group>";
		};
		FD9366B22200C9DD00919C67 /* Utility */ = {
			isa = PBXGroup;
			children = (
				FD6392E021DB5E3100D2380B /* MusicScoreDataPageLoader.swift */,
			);
			path = Utility;
			sourceTree = "<group>";
		};
		FD9366B32200CA1A00919C67 /* Cell */ = {
			isa = PBXGroup;
			children = (
				FDA98C7621C4FC5F0060CBED /* MusicCellView.swift */,
				FD9366B42200CB9D00919C67 /* MusicCellDetailView.swift */,
				FDA98C7D21C4FD9F0060CBED /* MusicCellSectionLineView.swift */,
				FDE1436421ECE9A000BC9924 /* MusicDetailScoreView.swift */,
				FD9366A42200C5DF00919C67 /* MusicScoreGraphView.swift */,
				FDC0D3052209DA23006BBC52 /* RivalRankView.swift */,
				FDC0D3072209DA58006BBC52 /* RivalRankCellView.swift */,
			);
			path = Cell;
			sourceTree = "<group>";
		};
		FDA5EB2621CAA4AE00D41143 /* Debug */ = {
			isa = PBXGroup;
			children = (
				FDA5EB2721CAA4DE00D41143 /* ErrorRecord.swift */,
			);
			path = Debug;
			sourceTree = "<group>";
		};
		FDA98C6321C4A7AF0060CBED /* Misc */ = {
			isa = PBXGroup;
			children = (
				FDA98C7021C4A7CC0060CBED /* EventDispatcher.swift */,
				FD21A638220605E7008F25FA /* Box.swift */,
				FDC0D2EC22073198006BBC52 /* EasingFunction.swift */,
				FDA98C9F21C6A93C0060CBED /* Algorithm.swift */,
				FDC0D2DE2207315E006BBC52 /* TickTimer.swift */,
			);
			path = Misc;
			sourceTree = "<group>";
		};
		FDA98C7821C4FC8F0060CBED /* ProfileView */ = {
			isa = PBXGroup;
			children = (
				FD0EA840219B14660084A837 /* ProfileViewController.swift */,
				FDC5BBD021EA18BE000951BD /* ProfileView.swift */,
				FD11B8DD21B3AF88003E3403 /* ProfileViewToolBarController.swift */,
				FD32E50C21C1942B001DF4CB /* ProfileViewMenuController.swift */,
				FD11B8DF21B3C21D003E3403 /* ProfileCellView.swift */,
				FDC0141921BE0BBB0070EC37 /* RankDataGraphCellView.swift */,
				FDDAFEED21B846580044F5C0 /* PlayDataACellView.swift */,
				FD262FF2220D629400C58BA7 /* OmikujiCellView.swift */,
			);
			path = ProfileView;
			sourceTree = "<group>";
		};
		FDA98C7921C4FC9C0060CBED /* LoginView */ = {
			isa = PBXGroup;
			children = (
				FDA70D3521B2572500B551F8 /* LoginViewToolBarController.swift */,
				FD7F64CF2199D62100E534E7 /* LoginViewController.swift */,
			);
			path = LoginView;
			sourceTree = "<group>";
		};
		FDA98C7A21C4FD0B0060CBED /* MusicDataView */ = {
			isa = PBXGroup;
			children = (
				FD9366B32200CA1A00919C67 /* Cell */,
				FD9366B22200C9DD00919C67 /* Utility */,
				FDA98C7B21C4FD7A0060CBED /* MusicDataView.swift */,
				FDC5BBD421EA34BE000951BD /* MusicDataViewController.swift */,
				FDA98C7F21C510E80060CBED /* MusicDataViewToolBarController.swift */,
				FDE87D0621F3354B00E74CDF /* MusicSortModeViewController.swift */,
			);
			path = MusicDataView;
			sourceTree = "<group>";
		};
		FDA98CA121C6CB7C0060CBED /* Generic */ = {
			isa = PBXGroup;
			children = (
				FDA98CA221C6CB8F0060CBED /* LazyInitializedView.swift */,
				FDC5BBD221EA3452000951BD /* CustomStackView.swift */,
			);
			path = Generic;
			sourceTree = "<group>";
		};
		FDC0141C21BE49540070EC37 /* Products */ = {
			isa = PBXGroup;
			children = (
				FDC0142121BE49540070EC37 /* Charts.framework */,
				FDC0142321BE49540070EC37 /* ChartsTests.xctest */,
			);
			name = Products;
			sourceTree = "<group>";
		};
		FDC66FA021D14DD40094F322 /* Xib */ = {
			isa = PBXGroup;
			children = (
				FDC66FAB21D175560094F322 /* MusicDataView */,
				FDC66FAA21D175340094F322 /* ProfileView */,
			);
			path = Xib;
			sourceTree = "<group>";
		};
		FDC66FA121D14DEC0094F322 /* Storyboard */ = {
			isa = PBXGroup;
			children = (
				FD4C4C7521AECEBB00ABCE53 /* Main.storyboard */,
				FDF1347521B39C3A00D0F2FD /* LaunchScreen.storyboard */,
			);
			path = Storyboard;
			sourceTree = "<group>";
		};
		FDC66FAA21D175340094F322 /* ProfileView */ = {
			isa = PBXGroup;
			children = (
				FDC66FA621D170AC0094F322 /* PlayDataACellView.xib */,
				FDC66FA221D14E290094F322 /* ProfileCellView.xib */,
				FD262FDE220D5E1200C58BA7 /* OmikujiCellView.xib */,
				FDC66FA821D175270094F322 /* RankDataGraphCellView.xib */,
			);
			path = ProfileView;
			sourceTree = "<group>";
		};
		FDC66FAB21D175560094F322 /* MusicDataView */ = {
			isa = PBXGroup;
			children = (
				FDC66F9E21D1474A0094F322 /* MusicCellView.xib */,
				FD2D85FB21EB644B00FAE9E2 /* MusicCellDetailView.xib */,
				FDC66FA421D152DF0094F322 /* MusicCellSectionLineView.xib */,
				FDC48F83220C2BE30032602B /* RivalRankCellView.xib */,
			);
			path = MusicDataView;
			sourceTree = "<group>";
		};
		FDC66FB021D289820094F322 /* Icon */ = {
			isa = PBXGroup;
			children = (
				FDC66FB121D289820094F322 /* sortIcon.png */,
				FDC48F5B220B4D6F0032602B /* bronzeCrown.png */,
				FDC48F5A220B4D6F0032602B /* goldCrown.png */,
				FDC48F5C220B4D6F0032602B /* silverCrown.png */,
				FDC48F67220BEDCA0032602B /* lock.png */,
			);
			path = Icon;
			sourceTree = "<group>";
		};
		FDC66FB221D289820094F322 /* Background */ = {
			isa = PBXGroup;
			children = (
				FDC66FB321D289820094F322 /* background.jpg */,
			);
			path = Background;
			sourceTree = "<group>";
		};
		FDCF4FAC21D7616F00E3CC5A /* Locale */ = {
			isa = PBXGroup;
			children = (
				FDCF4FAD21D761B000E3CC5A /* StringTransform.swift */,
				FDBFCF7721DB1CBC00D673B4 /* Language.swift */,
			);
			path = Locale;
			sourceTree = "<group>";
		};
		FDD2250321AC50DA008C7DB1 /* Thread */ = {
			isa = PBXGroup;
			children = (
				FDD2250021AC50BC008C7DB1 /* SpinLock.swift */,
				FD32E4FC21BEC4F5001DF4CB /* Task.swift */,
			);
			path = Thread;
			sourceTree = "<group>";
		};
		FDD2250421AC50E0008C7DB1 /* Math */ = {
			isa = PBXGroup;
			children = (
				FDD2250521AC50F0008C7DB1 /* Color.swift */,
				FDD2250821AC50FE008C7DB1 /* Point.swift */,
			);
			path = Math;
			sourceTree = "<group>";
		};
		FDD2250A21AC5138008C7DB1 /* Network */ = {
			isa = PBXGroup;
			children = (
				FDCECA0521B03C6000F253B2 /* HttpUtility.swift */,
			);
			path = Network;
			sourceTree = "<group>";
		};
		FDE87CFC21F32E7000E74CDF /* Products */ = {
			isa = PBXGroup;
			children = (
				FDE87D0021F32E7000E74CDF /* SBCardPopup.framework */,
			);
			name = Products;
			sourceTree = "<group>";
		};
		FDF1347721B39E6700D0F2FD /* UI */ = {
			isa = PBXGroup;
			children = (
				FDA98CA121C6CB7C0060CBED /* Generic */,
				FDA98C7921C4FC9C0060CBED /* LoginView */,
				FDA98C7821C4FC8F0060CBED /* ProfileView */,
				FDA98C7A21C4FD0B0060CBED /* MusicDataView */,
			);
			path = UI;
			sourceTree = "<group>";
		};
/* End PBXGroup section */

/* Begin PBXNativeTarget section */
		FD7F64C92199D62100E534E7 /* jubiinfo */ = {
			isa = PBXNativeTarget;
			buildConfigurationList = FD7F64F42199D62300E534E7 /* Build configuration list for PBXNativeTarget "jubiinfo" */;
			buildPhases = (
				FD7F64C62199D62100E534E7 /* Sources */,
				FD7F64C72199D62100E534E7 /* Frameworks */,
				FD7F64C82199D62100E534E7 /* Resources */,
				FDC0141821BD7E160070EC37 /* Embed Frameworks */,
			);
			buildRules = (
			);
			dependencies = (
				FDE87D0221F32E7C00E74CDF /* PBXTargetDependency */,
				FDC0142521BE495C0070EC37 /* PBXTargetDependency */,
				FDC0140121BD7DD40070EC37 /* PBXTargetDependency */,
				FDC0140321BD7DEA0070EC37 /* PBXTargetDependency */,
				FDC0140721BD7DF50070EC37 /* PBXTargetDependency */,
				FDC0140521BD7DF30070EC37 /* PBXTargetDependency */,
				FDC0140B21BD7E160070EC37 /* PBXTargetDependency */,
				FDC0140F21BD7E160070EC37 /* PBXTargetDependency */,
				FDC0141321BD7E160070EC37 /* PBXTargetDependency */,
				FDC0141721BD7E160070EC37 /* PBXTargetDependency */,
				FDC0142921BE49630070EC37 /* PBXTargetDependency */,
			);
			name = jubiinfo;
			productName = jubiinfo;
			productReference = FD7F64CA2199D62100E534E7 /* jubiinfo.app */;
			productType = "com.apple.product-type.application";
		};
		FD7F64DF2199D62300E534E7 /* jubiinfoTests */ = {
			isa = PBXNativeTarget;
			buildConfigurationList = FD7F64F72199D62300E534E7 /* Build configuration list for PBXNativeTarget "jubiinfoTests" */;
			buildPhases = (
				FD7F64DC2199D62300E534E7 /* Sources */,
				FD7F64DD2199D62300E534E7 /* Frameworks */,
				FD7F64DE2199D62300E534E7 /* Resources */,
			);
			buildRules = (
			);
			dependencies = (
				FD7F64E22199D62300E534E7 /* PBXTargetDependency */,
			);
			name = jubiinfoTests;
			productName = jubiinfoTests;
			productReference = FD7F64E02199D62300E534E7 /* jubiinfoTests.xctest */;
			productType = "com.apple.product-type.bundle.unit-test";
		};
		FD7F64EA2199D62300E534E7 /* jubiinfoUITests */ = {
			isa = PBXNativeTarget;
			buildConfigurationList = FD7F64FA2199D62300E534E7 /* Build configuration list for PBXNativeTarget "jubiinfoUITests" */;
			buildPhases = (
				FD7F64E72199D62300E534E7 /* Sources */,
				FD7F64E82199D62300E534E7 /* Frameworks */,
				FD7F64E92199D62300E534E7 /* Resources */,
			);
			buildRules = (
			);
			dependencies = (
				FD7F64ED2199D62300E534E7 /* PBXTargetDependency */,
			);
			name = jubiinfoUITests;
			productName = jubiinfoUITests;
			productReference = FD7F64EB2199D62300E534E7 /* jubiinfoUITests.xctest */;
			productType = "com.apple.product-type.bundle.ui-testing";
		};
/* End PBXNativeTarget section */

/* Begin PBXProject section */
		FD7F64C22199D62100E534E7 /* Project object */ = {
			isa = PBXProject;
			attributes = {
				KnownAssetTags = (
					sortImage,
				);
				LastSwiftUpdateCheck = 1010;
				LastUpgradeCheck = 1010;
				ORGANIZATIONNAME = "차준호";
				TargetAttributes = {
					FD7F64C92199D62100E534E7 = {
						CreatedOnToolsVersion = 10.1;
						LastSwiftMigration = 1010;
					};
					FD7F64DF2199D62300E534E7 = {
						CreatedOnToolsVersion = 10.1;
						TestTargetID = FD7F64C92199D62100E534E7;
					};
					FD7F64EA2199D62300E534E7 = {
						CreatedOnToolsVersion = 10.1;
						TestTargetID = FD7F64C92199D62100E534E7;
					};
				};
			};
			buildConfigurationList = FD7F64C52199D62100E534E7 /* Build configuration list for PBXProject "jubiinfo" */;
			compatibilityVersion = "Xcode 9.3";
			developmentRegion = en;
			hasScannedForEncodings = 0;
			knownRegions = (
				en,
				Base,
			);
			mainGroup = FD7F64C12199D62100E534E7;
			productRefGroup = FD7F64CB2199D62100E534E7 /* Products */;
			projectDirPath = "";
			projectReferences = (
				{
					ProductGroup = FD15B4C121A720440013BB97 /* Products */;
					ProjectRef = FD15B4C021A720440013BB97 /* Alamofire.xcodeproj */;
				},
				{
					ProductGroup = FDC0141C21BE49540070EC37 /* Products */;
					ProjectRef = FDC0141B21BE49540070EC37 /* Charts.xcodeproj */;
				},
				{
					ProductGroup = 6293173E21BA1E9F0038E016 /* Products */;
					ProjectRef = 6293173D21BA1E9F0038E016 /* Material.xcodeproj */;
				},
				{
					ProductGroup = FD11B8FA21B563AD003E3403 /* Products */;
					ProjectRef = FD11B8F921B563AD003E3403 /* Motion.xcodeproj */;
				},
				{
					ProductGroup = FDE87CFC21F32E7000E74CDF /* Products */;
					ProjectRef = FDE87CFB21F32E7000E74CDF /* SBCardPopup.xcodeproj */;
				},
				{
					ProductGroup = FD6AD49521A7282A0038D130 /* Products */;
					ProjectRef = FD6AD49421A7282A0038D130 /* SwiftSoup.xcodeproj */;
				},
			);
			projectRoot = "";
			targets = (
				FD7F64C92199D62100E534E7 /* jubiinfo */,
				FD7F64DF2199D62300E534E7 /* jubiinfoTests */,
				FD7F64EA2199D62300E534E7 /* jubiinfoUITests */,
			);
		};
/* End PBXProject section */

/* Begin PBXReferenceProxy section */
		6293174321BA1E9F0038E016 /* Material.framework */ = {
			isa = PBXReferenceProxy;
			fileType = wrapper.framework;
			path = Material.framework;
			remoteRef = 6293174221BA1E9F0038E016 /* PBXContainerItemProxy */;
			sourceTree = BUILT_PRODUCTS_DIR;
		};
		FD11B8FE21B563AD003E3403 /* Motion.framework */ = {
			isa = PBXReferenceProxy;
			fileType = wrapper.framework;
			path = Motion.framework;
			remoteRef = FD11B8FD21B563AD003E3403 /* PBXContainerItemProxy */;
			sourceTree = BUILT_PRODUCTS_DIR;
		};
		FD15B4CC21A720450013BB97 /* Alamofire.framework */ = {
			isa = PBXReferenceProxy;
			fileType = wrapper.framework;
			path = Alamofire.framework;
			remoteRef = FD15B4CB21A720450013BB97 /* PBXContainerItemProxy */;
			sourceTree = BUILT_PRODUCTS_DIR;
		};
		FD15B4CE21A720450013BB97 /* Alamofire iOS Tests.xctest */ = {
			isa = PBXReferenceProxy;
			fileType = wrapper.cfbundle;
			path = "Alamofire iOS Tests.xctest";
			remoteRef = FD15B4CD21A720450013BB97 /* PBXContainerItemProxy */;
			sourceTree = BUILT_PRODUCTS_DIR;
		};
		FD15B4D021A720450013BB97 /* Alamofire.framework */ = {
			isa = PBXReferenceProxy;
			fileType = wrapper.framework;
			path = Alamofire.framework;
			remoteRef = FD15B4CF21A720450013BB97 /* PBXContainerItemProxy */;
			sourceTree = BUILT_PRODUCTS_DIR;
		};
		FD15B4D221A720450013BB97 /* Alamofire macOS Tests.xctest */ = {
			isa = PBXReferenceProxy;
			fileType = wrapper.cfbundle;
			path = "Alamofire macOS Tests.xctest";
			remoteRef = FD15B4D121A720450013BB97 /* PBXContainerItemProxy */;
			sourceTree = BUILT_PRODUCTS_DIR;
		};
		FD15B4D421A720450013BB97 /* Alamofire.framework */ = {
			isa = PBXReferenceProxy;
			fileType = wrapper.framework;
			path = Alamofire.framework;
			remoteRef = FD15B4D321A720450013BB97 /* PBXContainerItemProxy */;
			sourceTree = BUILT_PRODUCTS_DIR;
		};
		FD15B4D621A720450013BB97 /* Alamofire tvOS Tests.xctest */ = {
			isa = PBXReferenceProxy;
			fileType = wrapper.cfbundle;
			path = "Alamofire tvOS Tests.xctest";
			remoteRef = FD15B4D521A720450013BB97 /* PBXContainerItemProxy */;
			sourceTree = BUILT_PRODUCTS_DIR;
		};
		FD15B4D821A720450013BB97 /* Alamofire.framework */ = {
			isa = PBXReferenceProxy;
			fileType = wrapper.framework;
			path = Alamofire.framework;
			remoteRef = FD15B4D721A720450013BB97 /* PBXContainerItemProxy */;
			sourceTree = BUILT_PRODUCTS_DIR;
		};
		FD6AD4A421A7282A0038D130 /* SwiftSoup.framework */ = {
			isa = PBXReferenceProxy;
			fileType = wrapper.framework;
			path = SwiftSoup.framework;
			remoteRef = FD6AD4A321A7282A0038D130 /* PBXContainerItemProxy */;
			sourceTree = BUILT_PRODUCTS_DIR;
		};
		FD6AD4A621A7282A0038D130 /* SwiftSoup.framework */ = {
			isa = PBXReferenceProxy;
			fileType = wrapper.framework;
			path = SwiftSoup.framework;
			remoteRef = FD6AD4A521A7282A0038D130 /* PBXContainerItemProxy */;
			sourceTree = BUILT_PRODUCTS_DIR;
		};
		FD6AD4A821A7282A0038D130 /* SwiftSoup.framework */ = {
			isa = PBXReferenceProxy;
			fileType = wrapper.framework;
			path = SwiftSoup.framework;
			remoteRef = FD6AD4A721A7282A0038D130 /* PBXContainerItemProxy */;
			sourceTree = BUILT_PRODUCTS_DIR;
		};
		FD6AD4AA21A7282A0038D130 /* SwiftSoup.framework */ = {
			isa = PBXReferenceProxy;
			fileType = wrapper.framework;
			path = SwiftSoup.framework;
			remoteRef = FD6AD4A921A7282A0038D130 /* PBXContainerItemProxy */;
			sourceTree = BUILT_PRODUCTS_DIR;
		};
		FD6AD4AC21A7282A0038D130 /* SwiftSoupTests.xctest */ = {
			isa = PBXReferenceProxy;
			fileType = wrapper.cfbundle;
			path = SwiftSoupTests.xctest;
			remoteRef = FD6AD4AB21A7282A0038D130 /* PBXContainerItemProxy */;
			sourceTree = BUILT_PRODUCTS_DIR;
		};
		FDC0142121BE49540070EC37 /* Charts.framework */ = {
			isa = PBXReferenceProxy;
			fileType = wrapper.framework;
			path = Charts.framework;
			remoteRef = FDC0142021BE49540070EC37 /* PBXContainerItemProxy */;
			sourceTree = BUILT_PRODUCTS_DIR;
		};
		FDC0142321BE49540070EC37 /* ChartsTests.xctest */ = {
			isa = PBXReferenceProxy;
			fileType = wrapper.cfbundle;
			path = ChartsTests.xctest;
			remoteRef = FDC0142221BE49540070EC37 /* PBXContainerItemProxy */;
			sourceTree = BUILT_PRODUCTS_DIR;
		};
		FDE87D0021F32E7000E74CDF /* SBCardPopup.framework */ = {
			isa = PBXReferenceProxy;
			fileType = wrapper.framework;
			path = SBCardPopup.framework;
			remoteRef = FDE87CFF21F32E7000E74CDF /* PBXContainerItemProxy */;
			sourceTree = BUILT_PRODUCTS_DIR;
		};
/* End PBXReferenceProxy section */

/* Begin PBXResourcesBuildPhase section */
		FD7F64C82199D62100E534E7 /* Resources */ = {
			isa = PBXResourcesBuildPhase;
			buildActionMask = 2147483647;
			files = (
				FD2D860E21EB6B7A00FAE9E2 /* NanumSquareBold.ttf in Resources */,
				FD4C4C6F21AEC44F00ABCE53 /* jubiinfoText.png in Resources */,
				FDC48F5E220B4D6F0032602B /* bronzeCrown.png in Resources */,
				FDC66FA321D14E290094F322 /* ProfileCellView.xib in Resources */,
				FDC66FA521D152DF0094F322 /* MusicCellSectionLineView.xib in Resources */,
				FD262FF0220D60D800C58BA7 /* omikuji01.png in Resources */,
				FDC66FA921D175270094F322 /* RankDataGraphCellView.xib in Resources */,
				FDC48F5D220B4D6F0032602B /* goldCrown.png in Resources */,
				FD262FF1220D60D800C58BA7 /* omikuji02.png in Resources */,
				FD2D860F21EB6B7C00FAE9E2 /* NanumSquareRegular.ttf in Resources */,
				FD262FEB220D5E1200C58BA7 /* OmikujiCellView.xib in Resources */,
				FD4C4C7621AECEBB00ABCE53 /* Main.storyboard in Resources */,
				FDC66FB421D289820094F322 /* sortIcon.png in Resources */,
				FDC48F5F220B4D6F0032602B /* silverCrown.png in Resources */,
				FDC66FA721D170AC0094F322 /* PlayDataACellView.xib in Resources */,
				FD7F64D72199D62200E534E7 /* Assets.xcassets in Resources */,
				FDC66F9F21D1474B0094F322 /* MusicCellView.xib in Resources */,
				FDC66FB521D289820094F322 /* background.jpg in Resources */,
				FDC48F74220BEDCA0032602B /* lock.png in Resources */,
				FD2D85FC21EB644B00FAE9E2 /* MusicCellDetailView.xib in Resources */,
				FDC48F90220C2BE30032602B /* RivalRankCellView.xib in Resources */,
				FDF1347621B39C3A00D0F2FD /* LaunchScreen.storyboard in Resources */,
				FD4C4C7021AEC44F00ABCE53 /* jubiinfoIcon.png in Resources */,
			);
			runOnlyForDeploymentPostprocessing = 0;
		};
		FD7F64DE2199D62300E534E7 /* Resources */ = {
			isa = PBXResourcesBuildPhase;
			buildActionMask = 2147483647;
			files = (
			);
			runOnlyForDeploymentPostprocessing = 0;
		};
		FD7F64E92199D62300E534E7 /* Resources */ = {
			isa = PBXResourcesBuildPhase;
			buildActionMask = 2147483647;
			files = (
			);
			runOnlyForDeploymentPostprocessing = 0;
		};
/* End PBXResourcesBuildPhase section */

/* Begin PBXSourcesBuildPhase section */
		FD7F64C62199D62100E534E7 /* Sources */ = {
			isa = PBXSourcesBuildPhase;
			buildActionMask = 2147483647;
			files = (
				FD11B8E021B3C21D003E3403 /* ProfileCellView.swift in Sources */,
				FDD2250621AC50F0008C7DB1 /* Color.swift in Sources */,
				FDA70D3621B2572500B551F8 /* LoginViewToolBarController.swift in Sources */,
				FDA98C8021C510E80060CBED /* MusicDataViewToolBarController.swift in Sources */,
				FDA98C7121C4A7CC0060CBED /* EventDispatcher.swift in Sources */,
				FDD2250121AC50BC008C7DB1 /* SpinLock.swift in Sources */,
				FD21A639220605E7008F25FA /* Box.swift in Sources */,
				FDD2250921AC50FE008C7DB1 /* Point.swift in Sources */,
				FDE87D0721F3354B00E74CDF /* MusicSortModeViewController.swift in Sources */,
				FDA5EB2821CAA4DE00D41143 /* ErrorRecord.swift in Sources */,
				FD0EA841219B14660084A837 /* ProfileViewController.swift in Sources */,
				FD262FF3220D629400C58BA7 /* OmikujiCellView.swift in Sources */,
				FDC0141A21BE0BBB0070EC37 /* RankDataGraphCellView.swift in Sources */,
				FDA98C7721C4FC5F0060CBED /* MusicCellView.swift in Sources */,
				FDBFCF7821DB1CBC00D673B4 /* Language.swift in Sources */,
				FDC0D2DF2207315E006BBC52 /* TickTimer.swift in Sources */,
				FD263009220E786400C58BA7 /* Date.swift in Sources */,
				FDC0D3082209DA58006BBC52 /* RivalRankCellView.swift in Sources */,
				FDC5BBD521EA34BE000951BD /* MusicDataViewController.swift in Sources */,
				FDD2251021AC51D3008C7DB1 /* JubeatWebServer.swift in Sources */,
				FDC0D3062209DA23006BBC52 /* RivalRankView.swift in Sources */,
				FD6392E121DB5E3200D2380B /* MusicScoreDataPageLoader.swift in Sources */,
				FD9366A52200C5DF00919C67 /* MusicScoreGraphView.swift in Sources */,
				FDDAFEEE21B846580044F5C0 /* PlayDataACellView.swift in Sources */,
				FD7F64CE2199D62100E534E7 /* AppDelegate.swift in Sources */,
				FDA98C7C21C4FD7A0060CBED /* MusicDataView.swift in Sources */,
				FDB5F4FB21B6D0DC00CC1F1C /* DataStorage.swift in Sources */,
				FDCF4FAE21D761B000E3CC5A /* StringTransform.swift in Sources */,
				FDA98CA321C6CB8F0060CBED /* LazyInitializedView.swift in Sources */,
				FDCF4F7E21D6458100E3CC5A /* EAmusementCaptchaSolver.swift in Sources */,
				62ED01B421C2185900056141 /* SettingDataStorage.swift in Sources */,
				FDE1436521ECE9A000BC9924 /* MusicDetailScoreView.swift in Sources */,
				FDC0D2ED22073198006BBC52 /* EasingFunction.swift in Sources */,
				FD4C4C7421AECA4000ABCE53 /* ImageUtility.swift in Sources */,
				FDC5BBD321EA3452000951BD /* CustomStackView.swift in Sources */,
				FD32E50D21C1942B001DF4CB /* ProfileViewMenuController.swift in Sources */,
				FDC5BBD121EA18BE000951BD /* ProfileView.swift in Sources */,
				FDDAFEF021B997150044F5C0 /* UIUtility.swift in Sources */,
				FDA98C7E21C4FD9F0060CBED /* MusicCellSectionLineView.swift in Sources */,
				FD7F64D02199D62100E534E7 /* LoginViewController.swift in Sources */,
				FDCECA0621B03C6000F253B2 /* HttpUtility.swift in Sources */,
				FDA98CA021C6A93C0060CBED /* Algorithm.swift in Sources */,
				FD32E4FD21BEC4F5001DF4CB /* Task.swift in Sources */,
				FD11B8DE21B3AF88003E3403 /* ProfileViewToolBarController.swift in Sources */,
				FD9366B52200CB9D00919C67 /* MusicCellDetailView.swift in Sources */,
			);
			runOnlyForDeploymentPostprocessing = 0;
		};
		FD7F64DC2199D62300E534E7 /* Sources */ = {
			isa = PBXSourcesBuildPhase;
			buildActionMask = 2147483647;
			files = (
			);
			runOnlyForDeploymentPostprocessing = 0;
		};
		FD7F64E72199D62300E534E7 /* Sources */ = {
			isa = PBXSourcesBuildPhase;
			buildActionMask = 2147483647;
			files = (
			);
			runOnlyForDeploymentPostprocessing = 0;
		};
/* End PBXSourcesBuildPhase section */

/* Begin PBXTargetDependency section */
		FD7F64E22199D62300E534E7 /* PBXTargetDependency */ = {
			isa = PBXTargetDependency;
			target = FD7F64C92199D62100E534E7 /* jubiinfo */;
			targetProxy = FD7F64E12199D62300E534E7 /* PBXContainerItemProxy */;
		};
		FD7F64ED2199D62300E534E7 /* PBXTargetDependency */ = {
			isa = PBXTargetDependency;
			target = FD7F64C92199D62100E534E7 /* jubiinfo */;
			targetProxy = FD7F64EC2199D62300E534E7 /* PBXContainerItemProxy */;
		};
		FDC0140121BD7DD40070EC37 /* PBXTargetDependency */ = {
			isa = PBXTargetDependency;
			name = "Motion iOS";
			targetProxy = FDC0140021BD7DD40070EC37 /* PBXContainerItemProxy */;
		};
		FDC0140321BD7DEA0070EC37 /* PBXTargetDependency */ = {
			isa = PBXTargetDependency;
			name = Material;
			targetProxy = FDC0140221BD7DEA0070EC37 /* PBXContainerItemProxy */;
		};
		FDC0140521BD7DF30070EC37 /* PBXTargetDependency */ = {
			isa = PBXTargetDependency;
			name = "SwiftSoup-iOS";
			targetProxy = FDC0140421BD7DF30070EC37 /* PBXContainerItemProxy */;
		};
		FDC0140721BD7DF50070EC37 /* PBXTargetDependency */ = {
			isa = PBXTargetDependency;
			name = "Alamofire iOS";
			targetProxy = FDC0140621BD7DF50070EC37 /* PBXContainerItemProxy */;
		};
		FDC0140B21BD7E160070EC37 /* PBXTargetDependency */ = {
			isa = PBXTargetDependency;
			name = Material;
			targetProxy = FDC0140A21BD7E160070EC37 /* PBXContainerItemProxy */;
		};
		FDC0140F21BD7E160070EC37 /* PBXTargetDependency */ = {
			isa = PBXTargetDependency;
			name = "Motion iOS";
			targetProxy = FDC0140E21BD7E160070EC37 /* PBXContainerItemProxy */;
		};
		FDC0141321BD7E160070EC37 /* PBXTargetDependency */ = {
			isa = PBXTargetDependency;
			name = "SwiftSoup-iOS";
			targetProxy = FDC0141221BD7E160070EC37 /* PBXContainerItemProxy */;
		};
		FDC0141721BD7E160070EC37 /* PBXTargetDependency */ = {
			isa = PBXTargetDependency;
			name = "Alamofire iOS";
			targetProxy = FDC0141621BD7E160070EC37 /* PBXContainerItemProxy */;
		};
		FDC0142521BE495C0070EC37 /* PBXTargetDependency */ = {
			isa = PBXTargetDependency;
			name = Charts;
			targetProxy = FDC0142421BE495C0070EC37 /* PBXContainerItemProxy */;
		};
		FDC0142921BE49630070EC37 /* PBXTargetDependency */ = {
			isa = PBXTargetDependency;
			name = Charts;
			targetProxy = FDC0142821BE49630070EC37 /* PBXContainerItemProxy */;
		};
		FDE87D0221F32E7C00E74CDF /* PBXTargetDependency */ = {
			isa = PBXTargetDependency;
			name = SBCardPopup;
			targetProxy = FDE87D0121F32E7C00E74CDF /* PBXContainerItemProxy */;
		};
/* End PBXTargetDependency section */

/* Begin XCBuildConfiguration section */
		FD7F64F22199D62300E534E7 /* Debug */ = {
			isa = XCBuildConfiguration;
			buildSettings = {
				ALWAYS_SEARCH_USER_PATHS = NO;
				CLANG_ANALYZER_NONNULL = YES;
				CLANG_ANALYZER_NUMBER_OBJECT_CONVERSION = YES_AGGRESSIVE;
				CLANG_CXX_LANGUAGE_STANDARD = "gnu++14";
				CLANG_CXX_LIBRARY = "libc++";
				CLANG_ENABLE_MODULES = YES;
				CLANG_ENABLE_OBJC_ARC = YES;
				CLANG_ENABLE_OBJC_WEAK = YES;
				CLANG_WARN_BLOCK_CAPTURE_AUTORELEASING = YES;
				CLANG_WARN_BOOL_CONVERSION = YES;
				CLANG_WARN_COMMA = YES;
				CLANG_WARN_CONSTANT_CONVERSION = YES;
				CLANG_WARN_DEPRECATED_OBJC_IMPLEMENTATIONS = YES;
				CLANG_WARN_DIRECT_OBJC_ISA_USAGE = YES_ERROR;
				CLANG_WARN_DOCUMENTATION_COMMENTS = YES;
				CLANG_WARN_EMPTY_BODY = YES;
				CLANG_WARN_ENUM_CONVERSION = YES;
				CLANG_WARN_INFINITE_RECURSION = YES;
				CLANG_WARN_INT_CONVERSION = YES;
				CLANG_WARN_NON_LITERAL_NULL_CONVERSION = YES;
				CLANG_WARN_OBJC_IMPLICIT_RETAIN_SELF = YES;
				CLANG_WARN_OBJC_LITERAL_CONVERSION = YES;
				CLANG_WARN_OBJC_ROOT_CLASS = YES_ERROR;
				CLANG_WARN_RANGE_LOOP_ANALYSIS = YES;
				CLANG_WARN_STRICT_PROTOTYPES = YES;
				CLANG_WARN_SUSPICIOUS_MOVE = YES;
				CLANG_WARN_UNGUARDED_AVAILABILITY = YES_AGGRESSIVE;
				CLANG_WARN_UNREACHABLE_CODE = YES;
				CLANG_WARN__DUPLICATE_METHOD_MATCH = YES;
				CODE_SIGN_IDENTITY = "iPhone Developer";
				COPY_PHASE_STRIP = NO;
				DEBUG_INFORMATION_FORMAT = dwarf;
				ENABLE_STRICT_OBJC_MSGSEND = YES;
				ENABLE_TESTABILITY = YES;
				GCC_C_LANGUAGE_STANDARD = gnu11;
				GCC_DYNAMIC_NO_PIC = NO;
				GCC_NO_COMMON_BLOCKS = YES;
				GCC_OPTIMIZATION_LEVEL = 0;
				GCC_PREPROCESSOR_DEFINITIONS = (
					"DEBUG=1",
					"$(inherited)",
				);
				GCC_WARN_64_TO_32_BIT_CONVERSION = YES;
				GCC_WARN_ABOUT_RETURN_TYPE = YES_ERROR;
				GCC_WARN_UNDECLARED_SELECTOR = YES;
				GCC_WARN_UNINITIALIZED_AUTOS = YES_AGGRESSIVE;
				GCC_WARN_UNUSED_FUNCTION = YES;
				GCC_WARN_UNUSED_VARIABLE = YES;
				IPHONEOS_DEPLOYMENT_TARGET = 12.1;
				MTL_ENABLE_DEBUG_INFO = INCLUDE_SOURCE;
				MTL_FAST_MATH = YES;
				ONLY_ACTIVE_ARCH = YES;
				SDKROOT = iphoneos;
				SWIFT_ACTIVE_COMPILATION_CONDITIONS = DEBUG;
				SWIFT_OPTIMIZATION_LEVEL = "-Onone";
			};
			name = Debug;
		};
		FD7F64F32199D62300E534E7 /* Release */ = {
			isa = XCBuildConfiguration;
			buildSettings = {
				ALWAYS_SEARCH_USER_PATHS = NO;
				CLANG_ANALYZER_NONNULL = YES;
				CLANG_ANALYZER_NUMBER_OBJECT_CONVERSION = YES_AGGRESSIVE;
				CLANG_CXX_LANGUAGE_STANDARD = "gnu++14";
				CLANG_CXX_LIBRARY = "libc++";
				CLANG_ENABLE_MODULES = YES;
				CLANG_ENABLE_OBJC_ARC = YES;
				CLANG_ENABLE_OBJC_WEAK = YES;
				CLANG_WARN_BLOCK_CAPTURE_AUTORELEASING = YES;
				CLANG_WARN_BOOL_CONVERSION = YES;
				CLANG_WARN_COMMA = YES;
				CLANG_WARN_CONSTANT_CONVERSION = YES;
				CLANG_WARN_DEPRECATED_OBJC_IMPLEMENTATIONS = YES;
				CLANG_WARN_DIRECT_OBJC_ISA_USAGE = YES_ERROR;
				CLANG_WARN_DOCUMENTATION_COMMENTS = YES;
				CLANG_WARN_EMPTY_BODY = YES;
				CLANG_WARN_ENUM_CONVERSION = YES;
				CLANG_WARN_INFINITE_RECURSION = YES;
				CLANG_WARN_INT_CONVERSION = YES;
				CLANG_WARN_NON_LITERAL_NULL_CONVERSION = YES;
				CLANG_WARN_OBJC_IMPLICIT_RETAIN_SELF = YES;
				CLANG_WARN_OBJC_LITERAL_CONVERSION = YES;
				CLANG_WARN_OBJC_ROOT_CLASS = YES_ERROR;
				CLANG_WARN_RANGE_LOOP_ANALYSIS = YES;
				CLANG_WARN_STRICT_PROTOTYPES = YES;
				CLANG_WARN_SUSPICIOUS_MOVE = YES;
				CLANG_WARN_UNGUARDED_AVAILABILITY = YES_AGGRESSIVE;
				CLANG_WARN_UNREACHABLE_CODE = YES;
				CLANG_WARN__DUPLICATE_METHOD_MATCH = YES;
				CODE_SIGN_IDENTITY = "iPhone Developer";
				COPY_PHASE_STRIP = NO;
				DEBUG_INFORMATION_FORMAT = "dwarf-with-dsym";
				ENABLE_NS_ASSERTIONS = NO;
				ENABLE_STRICT_OBJC_MSGSEND = YES;
				GCC_C_LANGUAGE_STANDARD = gnu11;
				GCC_NO_COMMON_BLOCKS = YES;
				GCC_WARN_64_TO_32_BIT_CONVERSION = YES;
				GCC_WARN_ABOUT_RETURN_TYPE = YES_ERROR;
				GCC_WARN_UNDECLARED_SELECTOR = YES;
				GCC_WARN_UNINITIALIZED_AUTOS = YES_AGGRESSIVE;
				GCC_WARN_UNUSED_FUNCTION = YES;
				GCC_WARN_UNUSED_VARIABLE = YES;
				IPHONEOS_DEPLOYMENT_TARGET = 12.1;
				MTL_ENABLE_DEBUG_INFO = NO;
				MTL_FAST_MATH = YES;
				SDKROOT = iphoneos;
				SWIFT_COMPILATION_MODE = wholemodule;
				SWIFT_OPTIMIZATION_LEVEL = "-O";
				VALIDATE_PRODUCT = YES;
			};
			name = Release;
		};
		FD7F64F52199D62300E534E7 /* Debug */ = {
			isa = XCBuildConfiguration;
			buildSettings = {
				ALWAYS_EMBED_SWIFT_STANDARD_LIBRARIES = YES;
				ASSETCATALOG_COMPILER_APPICON_NAME = AppIcon;
				CLANG_ENABLE_MODULES = YES;
				CODE_SIGN_STYLE = Automatic;
				DEVELOPMENT_TEAM = WU734J36XA;
				INFOPLIST_FILE = jubiinfo/Info.plist;
				IPHONEOS_DEPLOYMENT_TARGET = 11.0;
				LD_RUNPATH_SEARCH_PATHS = (
					"$(inherited)",
					"@executable_path/Frameworks",
				);
				PRODUCT_BUNDLE_IDENTIFIER = ggomdyu.jubiinfo;
				PRODUCT_NAME = "$(TARGET_NAME)";
				SWIFT_OBJC_BRIDGING_HEADER = "";
				SWIFT_OPTIMIZATION_LEVEL = "-Onone";
				SWIFT_PRECOMPILE_BRIDGING_HEADER = NO;
				SWIFT_VERSION = 4.2;
				TARGETED_DEVICE_FAMILY = 1;
			};
			name = Debug;
		};
		FD7F64F62199D62300E534E7 /* Release */ = {
			isa = XCBuildConfiguration;
			buildSettings = {
				ALWAYS_EMBED_SWIFT_STANDARD_LIBRARIES = YES;
				ASSETCATALOG_COMPILER_APPICON_NAME = AppIcon;
				CLANG_ENABLE_MODULES = YES;
				CODE_SIGN_STYLE = Automatic;
				DEVELOPMENT_TEAM = WU734J36XA;
				INFOPLIST_FILE = jubiinfo/Info.plist;
				IPHONEOS_DEPLOYMENT_TARGET = 11.0;
				LD_RUNPATH_SEARCH_PATHS = (
					"$(inherited)",
					"@executable_path/Frameworks",
				);
				PRODUCT_BUNDLE_IDENTIFIER = ggomdyu.jubiinfo;
				PRODUCT_NAME = "$(TARGET_NAME)";
				SWIFT_OBJC_BRIDGING_HEADER = "";
				SWIFT_PRECOMPILE_BRIDGING_HEADER = NO;
				SWIFT_VERSION = 4.2;
				TARGETED_DEVICE_FAMILY = 1;
			};
			name = Release;
		};
		FD7F64F82199D62300E534E7 /* Debug */ = {
			isa = XCBuildConfiguration;
			buildSettings = {
				ALWAYS_EMBED_SWIFT_STANDARD_LIBRARIES = YES;
				BUNDLE_LOADER = "$(TEST_HOST)";
				CODE_SIGN_STYLE = Automatic;
				INFOPLIST_FILE = jubiinfoTests/Info.plist;
				LD_RUNPATH_SEARCH_PATHS = (
					"$(inherited)",
					"@executable_path/Frameworks",
					"@loader_path/Frameworks",
				);
				PRODUCT_BUNDLE_IDENTIFIER = ggomdyu.jubiinfoTests;
				PRODUCT_NAME = "$(TARGET_NAME)";
				SWIFT_VERSION = 4.2;
				TARGETED_DEVICE_FAMILY = "1,2";
				TEST_HOST = "$(BUILT_PRODUCTS_DIR)/jubiinfo.app/jubiinfo";
			};
			name = Debug;
		};
		FD7F64F92199D62300E534E7 /* Release */ = {
			isa = XCBuildConfiguration;
			buildSettings = {
				ALWAYS_EMBED_SWIFT_STANDARD_LIBRARIES = YES;
				BUNDLE_LOADER = "$(TEST_HOST)";
				CODE_SIGN_STYLE = Automatic;
				INFOPLIST_FILE = jubiinfoTests/Info.plist;
				LD_RUNPATH_SEARCH_PATHS = (
					"$(inherited)",
					"@executable_path/Frameworks",
					"@loader_path/Frameworks",
				);
				PRODUCT_BUNDLE_IDENTIFIER = ggomdyu.jubiinfoTests;
				PRODUCT_NAME = "$(TARGET_NAME)";
				SWIFT_VERSION = 4.2;
				TARGETED_DEVICE_FAMILY = "1,2";
				TEST_HOST = "$(BUILT_PRODUCTS_DIR)/jubiinfo.app/jubiinfo";
			};
			name = Release;
		};
		FD7F64FB2199D62300E534E7 /* Debug */ = {
			isa = XCBuildConfiguration;
			buildSettings = {
				ALWAYS_EMBED_SWIFT_STANDARD_LIBRARIES = YES;
				CODE_SIGN_STYLE = Automatic;
				INFOPLIST_FILE = jubiinfoUITests/Info.plist;
				LD_RUNPATH_SEARCH_PATHS = (
					"$(inherited)",
					"@executable_path/Frameworks",
					"@loader_path/Frameworks",
				);
				PRODUCT_BUNDLE_IDENTIFIER = ggomdyu.jubiinfoUITests;
				PRODUCT_NAME = "$(TARGET_NAME)";
				SWIFT_VERSION = 4.2;
				TARGETED_DEVICE_FAMILY = "1,2";
				TEST_TARGET_NAME = jubiinfo;
			};
			name = Debug;
		};
		FD7F64FC2199D62300E534E7 /* Release */ = {
			isa = XCBuildConfiguration;
			buildSettings = {
				ALWAYS_EMBED_SWIFT_STANDARD_LIBRARIES = YES;
				CODE_SIGN_STYLE = Automatic;
				INFOPLIST_FILE = jubiinfoUITests/Info.plist;
				LD_RUNPATH_SEARCH_PATHS = (
					"$(inherited)",
					"@executable_path/Frameworks",
					"@loader_path/Frameworks",
				);
				PRODUCT_BUNDLE_IDENTIFIER = ggomdyu.jubiinfoUITests;
				PRODUCT_NAME = "$(TARGET_NAME)";
				SWIFT_VERSION = 4.2;
				TARGETED_DEVICE_FAMILY = "1,2";
				TEST_TARGET_NAME = jubiinfo;
			};
			name = Release;
		};
/* End XCBuildConfiguration section */

/* Begin XCConfigurationList section */
		FD7F64C52199D62100E534E7 /* Build configuration list for PBXProject "jubiinfo" */ = {
			isa = XCConfigurationList;
			buildConfigurations = (
				FD7F64F22199D62300E534E7 /* Debug */,
				FD7F64F32199D62300E534E7 /* Release */,
			);
			defaultConfigurationIsVisible = 0;
			defaultConfigurationName = Release;
		};
		FD7F64F42199D62300E534E7 /* Build configuration list for PBXNativeTarget "jubiinfo" */ = {
			isa = XCConfigurationList;
			buildConfigurations = (
				FD7F64F52199D62300E534E7 /* Debug */,
				FD7F64F62199D62300E534E7 /* Release */,
			);
			defaultConfigurationIsVisible = 0;
			defaultConfigurationName = Release;
		};
		FD7F64F72199D62300E534E7 /* Build configuration list for PBXNativeTarget "jubiinfoTests" */ = {
			isa = XCConfigurationList;
			buildConfigurations = (
				FD7F64F82199D62300E534E7 /* Debug */,
				FD7F64F92199D62300E534E7 /* Release */,
			);
			defaultConfigurationIsVisible = 0;
			defaultConfigurationName = Release;
		};
		FD7F64FA2199D62300E534E7 /* Build configuration list for PBXNativeTarget "jubiinfoUITests" */ = {
			isa = XCConfigurationList;
			buildConfigurations = (
				FD7F64FB2199D62300E534E7 /* Debug */,
				FD7F64FC2199D62300E534E7 /* Release */,
			);
			defaultConfigurationIsVisible = 0;
			defaultConfigurationName = Release;
		};
/* End XCConfigurationList section */
	};
	rootObject = FD7F64C22199D62100E534E7 /* Project object */;
}
